PODS:
  - SnapKit (0.21.1)
  - SwiftFilePath (0.0.6)
  - XCDYouTubeKit (2.5.3)

DEPENDENCIES:
  - SnapKit
  - SwiftFilePath
  - XCDYouTubeKit

SPEC CHECKSUMS:
  SnapKit: bbad04cb016c7cead63965f16b00c09318d271ee
  SwiftFilePath: 52c1db61018e0a3941191eb71002cb5cbdaa39e7
  XCDYouTubeKit: 90690f9e3523735dc93b8024269d991b0cfffe78

COCOAPODS: 0.39.0
