PODS:
  - SnapKit (3.2.0)
  - SwiftyJSON (3.1.4)
  - XCDYouTubeKit (2.5.4)

DEPENDENCIES:
  - SnapKit
  - SwiftyJSON
  - XCDYouTubeKit (~> 2.5)

SPEC CHECKSUMS:
  SnapKit: 1ca44df72cfa543218d177cb8aab029d10d86ea7
  SwiftyJSON: c2842d878f95482ffceec5709abc3d05680c0220
  XCDYouTubeKit: 80eb3978dae220a0116d198bca6852c6c969fa66

PODFILE CHECKSUM: c5ee034ab8ffe18ff97c0badb2169dbea1196b07

COCOAPODS: 1.1.1
