// !$*UTF8*$!
{
	archiveVersion = 1;
	classes = {
	};
	objectVersion = 46;
	objects = {

/* Begin PBXBuildFile section */
		22433FDB1B47212F00C075FF /* AppDelegate.swift in Sources */ = {isa = PBXBuildFile; fileRef = 22433FDA1B47212F00C075FF /* AppDelegate.swift */; };
		22433FDE1B47212F00C075FF /* Music_Player.xcdatamodeld in Sources */ = {isa = PBXBuildFile; fileRef = 22433FDC1B47212F00C075FF /* Music_Player.xcdatamodeld */; };
		22433FE31B47212F00C075FF /* Main.storyboard in Resources */ = {isa = PBXBuildFile; fileRef = 22433FE11B47212F00C075FF /* Main.storyboard */; };
		22433FE51B47212F00C075FF /* Images.xcassets in Resources */ = {isa = PBXBuildFile; fileRef = 22433FE41B47212F00C075FF /* Images.xcassets */; };
		22433FE81B47212F00C075FF /* LaunchScreen.xib in Resources */ = {isa = PBXBuildFile; fileRef = 22433FE61B47212F00C075FF /* LaunchScreen.xib */; };
		22433FFE1B47214400C075FF /* Entitlements.plist in Resources */ = {isa = PBXBuildFile; fileRef = 22433FFD1B47214400C075FF /* Entitlements.plist */; };
		224340001B47248600C075FF /* launchScreen.jpg in Resources */ = {isa = PBXBuildFile; fileRef = 22433FFF1B47248600C075FF /* launchScreen.jpg */; };
		224340021B47253C00C075FF /* IDInputvc.swift in Sources */ = {isa = PBXBuildFile; fileRef = 224340011B47253C00C075FF /* IDInputvc.swift */; };
		224340041B47260500C075FF /* downloadCell.swift in Sources */ = {isa = PBXBuildFile; fileRef = 224340031B47260500C075FF /* downloadCell.swift */; };
		224340061B47266F00C075FF /* downloadTableViewController.swift in Sources */ = {isa = PBXBuildFile; fileRef = 224340051B47266F00C075FF /* downloadTableViewController.swift */; };
		224340081B472FB800C075FF /* dataDownloadObject.swift in Sources */ = {isa = PBXBuildFile; fileRef = 224340071B472FB800C075FF /* dataDownloadObject.swift */; };
		2243400B1B473CE400C075FF /* libPods-XCDYouTubeKit.a in Frameworks */ = {isa = PBXBuildFile; fileRef = 2243400A1B473CE400C075FF /* libPods-XCDYouTubeKit.a */; };
		2243400D1B476C5D00C075FF /* rootView.swift in Sources */ = {isa = PBXBuildFile; fileRef = 2243400C1B476C5D00C075FF /* rootView.swift */; };
		22AD6B321B47BB7D00428602 /* VidQualityvc.swift in Sources */ = {isa = PBXBuildFile; fileRef = 22AD6B311B47BB7D00428602 /* VidQualityvc.swift */; };
		22CE41931B4DBD0400C4BD58 /* transparent-green-checkmark-hi.png in Resources */ = {isa = PBXBuildFile; fileRef = 22CE41921B4DBD0400C4BD58 /* transparent-green-checkmark-hi.png */; };
		A5699A3ACFF0C478FCB5F30C /* libPods.a in Frameworks */ = {isa = PBXBuildFile; fileRef = 227B696C556F69040FDCBAB7 /* libPods.a */; };
/* End PBXBuildFile section */

/* Begin PBXContainerItemProxy section */
		22433FEE1B47212F00C075FF /* PBXContainerItemProxy */ = {
			isa = PBXContainerItemProxy;
			containerPortal = 22433FCD1B47212F00C075FF /* Project object */;
			proxyType = 1;
			remoteGlobalIDString = 22433FD41B47212F00C075FF;
			remoteInfo = "Music Player";
		};
/* End PBXContainerItemProxy section */

/* Begin PBXFileReference section */
		22433FD51B47212F00C075FF /* Music Player.app */ = {isa = PBXFileReference; explicitFileType = wrapper.application; includeInIndex = 0; path = "Music Player.app"; sourceTree = BUILT_PRODUCTS_DIR; };
		22433FD91B47212F00C075FF /* Info.plist */ = {isa = PBXFileReference; lastKnownFileType = text.plist.xml; path = Info.plist; sourceTree = "<group>"; };
		22433FDA1B47212F00C075FF /* AppDelegate.swift */ = {isa = PBXFileReference; lastKnownFileType = sourcecode.swift; path = AppDelegate.swift; sourceTree = "<group>"; };
		22433FDD1B47212F00C075FF /* Music_Player.xcdatamodel */ = {isa = PBXFileReference; lastKnownFileType = wrapper.xcdatamodel; path = Music_Player.xcdatamodel; sourceTree = "<group>"; };
		22433FE21B47212F00C075FF /* Base */ = {isa = PBXFileReference; lastKnownFileType = file.storyboard; name = Base; path = Base.lproj/Main.storyboard; sourceTree = "<group>"; };
		22433FE41B47212F00C075FF /* Images.xcassets */ = {isa = PBXFileReference; lastKnownFileType = folder.assetcatalog; path = Images.xcassets; sourceTree = "<group>"; };
		22433FE71B47212F00C075FF /* Base */ = {isa = PBXFileReference; lastKnownFileType = file.xib; name = Base; path = Base.lproj/LaunchScreen.xib; sourceTree = "<group>"; };
		22433FED1B47212F00C075FF /* Music PlayerTests.xctest */ = {isa = PBXFileReference; explicitFileType = wrapper.cfbundle; includeInIndex = 0; path = "Music PlayerTests.xctest"; sourceTree = BUILT_PRODUCTS_DIR; };
		22433FF21B47212F00C075FF /* Info.plist */ = {isa = PBXFileReference; lastKnownFileType = text.plist.xml; path = Info.plist; sourceTree = "<group>"; };
		22433FF31B47212F00C075FF /* Music_PlayerTests.swift */ = {isa = PBXFileReference; lastKnownFileType = sourcecode.swift; path = Music_PlayerTests.swift; sourceTree = "<group>"; };
		22433FFD1B47214400C075FF /* Entitlements.plist */ = {isa = PBXFileReference; fileEncoding = 4; lastKnownFileType = text.plist.xml; path = Entitlements.plist; sourceTree = "<group>"; };
		22433FFF1B47248600C075FF /* launchScreen.jpg */ = {isa = PBXFileReference; lastKnownFileType = image.jpeg; path = launchScreen.jpg; sourceTree = "<group>"; };
		224340011B47253C00C075FF /* IDInputvc.swift */ = {isa = PBXFileReference; fileEncoding = 4; lastKnownFileType = sourcecode.swift; path = IDInputvc.swift; sourceTree = "<group>"; };
		224340031B47260500C075FF /* downloadCell.swift */ = {isa = PBXFileReference; fileEncoding = 4; lastKnownFileType = sourcecode.swift; path = downloadCell.swift; sourceTree = "<group>"; };
		224340051B47266F00C075FF /* downloadTableViewController.swift */ = {isa = PBXFileReference; fileEncoding = 4; lastKnownFileType = sourcecode.swift; path = downloadTableViewController.swift; sourceTree = "<group>"; };
		224340071B472FB800C075FF /* dataDownloadObject.swift */ = {isa = PBXFileReference; fileEncoding = 4; lastKnownFileType = sourcecode.swift; path = dataDownloadObject.swift; sourceTree = "<group>"; };
		224340091B473C8B00C075FF /* bridgingHeader.h */ = {isa = PBXFileReference; lastKnownFileType = sourcecode.c.h; path = bridgingHeader.h; sourceTree = "<group>"; };
		2243400A1B473CE400C075FF /* libPods-XCDYouTubeKit.a */ = {isa = PBXFileReference; lastKnownFileType = archive.ar; name = "libPods-XCDYouTubeKit.a"; path = "Pods/../build/Debug-iphoneos/libPods-XCDYouTubeKit.a"; sourceTree = "<group>"; };
		2243400C1B476C5D00C075FF /* rootView.swift */ = {isa = PBXFileReference; fileEncoding = 4; lastKnownFileType = sourcecode.swift; path = rootView.swift; sourceTree = "<group>"; };
		227B696C556F69040FDCBAB7 /* libPods.a */ = {isa = PBXFileReference; explicitFileType = archive.ar; includeInIndex = 0; path = libPods.a; sourceTree = BUILT_PRODUCTS_DIR; };
		22AD6B311B47BB7D00428602 /* VidQualityvc.swift */ = {isa = PBXFileReference; fileEncoding = 4; lastKnownFileType = sourcecode.swift; path = VidQualityvc.swift; sourceTree = "<group>"; };
		22CE41921B4DBD0400C4BD58 /* transparent-green-checkmark-hi.png */ = {isa = PBXFileReference; lastKnownFileType = image.png; path = "transparent-green-checkmark-hi.png"; sourceTree = "<group>"; };
		F21E113ABCDB957DFAD2D41E /* Pods.release.xcconfig */ = {isa = PBXFileReference; includeInIndex = 1; lastKnownFileType = text.xcconfig; name = Pods.release.xcconfig; path = "Pods/Target Support Files/Pods/Pods.release.xcconfig"; sourceTree = "<group>"; };
		F5EB519E79CB1AE21C1131B5 /* Pods.debug.xcconfig */ = {isa = PBXFileReference; includeInIndex = 1; lastKnownFileType = text.xcconfig; name = Pods.debug.xcconfig; path = "Pods/Target Support Files/Pods/Pods.debug.xcconfig"; sourceTree = "<group>"; };
/* End PBXFileReference section */

/* Begin PBXFrameworksBuildPhase section */
		22433FD21B47212F00C075FF /* Frameworks */ = {
			isa = PBXFrameworksBuildPhase;
			buildActionMask = 2147483647;
			files = (
				2243400B1B473CE400C075FF /* libPods-XCDYouTubeKit.a in Frameworks */,
				A5699A3ACFF0C478FCB5F30C /* libPods.a in Frameworks */,
			);
			runOnlyForDeploymentPostprocessing = 0;
		};
		22433FEA1B47212F00C075FF /* Frameworks */ = {
			isa = PBXFrameworksBuildPhase;
			buildActionMask = 2147483647;
			files = (
			);
			runOnlyForDeploymentPostprocessing = 0;
		};
/* End PBXFrameworksBuildPhase section */

/* Begin PBXGroup section */
		026A0764070DC9AB14BFA41A /* Pods */ = {
			isa = PBXGroup;
			children = (
				F5EB519E79CB1AE21C1131B5 /* Pods.debug.xcconfig */,
				F21E113ABCDB957DFAD2D41E /* Pods.release.xcconfig */,
			);
			name = Pods;
			sourceTree = "<group>";
		};
		22433FCC1B47212F00C075FF = {
			isa = PBXGroup;
			children = (
				224340091B473C8B00C075FF /* bridgingHeader.h */,
				22433FFD1B47214400C075FF /* Entitlements.plist */,
				22433FD71B47212F00C075FF /* Music Player */,
				22433FF01B47212F00C075FF /* Music PlayerTests */,
				22433FD61B47212F00C075FF /* Products */,
				026A0764070DC9AB14BFA41A /* Pods */,
				43023294B39B809D25A34FED /* Frameworks */,
			);
			sourceTree = "<group>";
		};
		22433FD61B47212F00C075FF /* Products */ = {
			isa = PBXGroup;
			children = (
				22433FD51B47212F00C075FF /* Music Player.app */,
				22433FED1B47212F00C075FF /* Music PlayerTests.xctest */,
			);
			name = Products;
			sourceTree = "<group>";
		};
		22433FD71B47212F00C075FF /* Music Player */ = {
			isa = PBXGroup;
			children = (
				22433FDA1B47212F00C075FF /* AppDelegate.swift */,
				224340071B472FB800C075FF /* dataDownloadObject.swift */,
				224340031B47260500C075FF /* downloadCell.swift */,
				224340051B47266F00C075FF /* downloadTableViewController.swift */,
				22AD6B311B47BB7D00428602 /* VidQualityvc.swift */,
				224340011B47253C00C075FF /* IDInputvc.swift */,
				2243400C1B476C5D00C075FF /* rootView.swift */,
				22433FE11B47212F00C075FF /* Main.storyboard */,
				22433FE41B47212F00C075FF /* Images.xcassets */,
				22433FE61B47212F00C075FF /* LaunchScreen.xib */,
				22433FDC1B47212F00C075FF /* Music_Player.xcdatamodeld */,
				22433FD81B47212F00C075FF /* Supporting Files */,
			);
			path = "Music Player";
			sourceTree = "<group>";
		};
		22433FD81B47212F00C075FF /* Supporting Files */ = {
			isa = PBXGroup;
			children = (
				22433FFF1B47248600C075FF /* launchScreen.jpg */,
				22433FD91B47212F00C075FF /* Info.plist */,
				22CE41921B4DBD0400C4BD58 /* transparent-green-checkmark-hi.png */,
			);
			name = "Supporting Files";
			sourceTree = "<group>";
		};
		22433FF01B47212F00C075FF /* Music PlayerTests */ = {
			isa = PBXGroup;
			children = (
				22433FF31B47212F00C075FF /* Music_PlayerTests.swift */,
				22433FF11B47212F00C075FF /* Supporting Files */,
			);
			path = "Music PlayerTests";
			sourceTree = "<group>";
		};
		22433FF11B47212F00C075FF /* Supporting Files */ = {
			isa = PBXGroup;
			children = (
				22433FF21B47212F00C075FF /* Info.plist */,
			);
			name = "Supporting Files";
			sourceTree = "<group>";
		};
		43023294B39B809D25A34FED /* Frameworks */ = {
			isa = PBXGroup;
			children = (
				2243400A1B473CE400C075FF /* libPods-XCDYouTubeKit.a */,
				227B696C556F69040FDCBAB7 /* libPods.a */,
			);
			name = Frameworks;
			sourceTree = "<group>";
		};
/* End PBXGroup section */

/* Begin PBXNativeTarget section */
		22433FD41B47212F00C075FF /* Music Player */ = {
			isa = PBXNativeTarget;
			buildConfigurationList = 22433FF71B47212F00C075FF /* Build configuration list for PBXNativeTarget "Music Player" */;
			buildPhases = (
				ED83CA9AF57A2AD96BFFD49B /* Check Pods Manifest.lock */,
				22433FD11B47212F00C075FF /* Sources */,
				22433FD21B47212F00C075FF /* Frameworks */,
				22433FD31B47212F00C075FF /* Resources */,
				80D1F340AE74996ED86E7AA6 /* Copy Pods Resources */,
			);
			buildRules = (
			);
			dependencies = (
			);
			name = "Music Player";
			productName = "Music Player";
			productReference = 22433FD51B47212F00C075FF /* Music Player.app */;
			productType = "com.apple.product-type.application";
		};
		22433FEC1B47212F00C075FF /* Music PlayerTests */ = {
			isa = PBXNativeTarget;
			buildConfigurationList = 22433FFA1B47212F00C075FF /* Build configuration list for PBXNativeTarget "Music PlayerTests" */;
			buildPhases = (
				22433FE91B47212F00C075FF /* Sources */,
				22433FEA1B47212F00C075FF /* Frameworks */,
				22433FEB1B47212F00C075FF /* Resources */,
			);
			buildRules = (
			);
			dependencies = (
				22433FEF1B47212F00C075FF /* PBXTargetDependency */,
			);
			name = "Music PlayerTests";
			productName = "Music PlayerTests";
			productReference = 22433FED1B47212F00C075FF /* Music PlayerTests.xctest */;
			productType = "com.apple.product-type.bundle.unit-test";
		};
/* End PBXNativeTarget section */

/* Begin PBXProject section */
		22433FCD1B47212F00C075FF /* Project object */ = {
			isa = PBXProject;
			attributes = {
				LastUpgradeCheck = 0630;
				ORGANIZATIONNAME = Sem;
				TargetAttributes = {
					22433FD41B47212F00C075FF = {
						CreatedOnToolsVersion = 6.3.2;
					};
					22433FEC1B47212F00C075FF = {
						CreatedOnToolsVersion = 6.3.2;
						TestTargetID = 22433FD41B47212F00C075FF;
					};
				};
			};
			buildConfigurationList = 22433FD01B47212F00C075FF /* Build configuration list for PBXProject "Music Player" */;
			compatibilityVersion = "Xcode 3.2";
			developmentRegion = English;
			hasScannedForEncodings = 0;
			knownRegions = (
				en,
				Base,
			);
			mainGroup = 22433FCC1B47212F00C075FF;
			productRefGroup = 22433FD61B47212F00C075FF /* Products */;
			projectDirPath = "";
			projectRoot = "";
			targets = (
				22433FD41B47212F00C075FF /* Music Player */,
				22433FEC1B47212F00C075FF /* Music PlayerTests */,
			);
		};
/* End PBXProject section */

/* Begin PBXResourcesBuildPhase section */
		22433FD31B47212F00C075FF /* Resources */ = {
			isa = PBXResourcesBuildPhase;
			buildActionMask = 2147483647;
			files = (
				22433FFE1B47214400C075FF /* Entitlements.plist in Resources */,
				22433FE31B47212F00C075FF /* Main.storyboard in Resources */,
				224340001B47248600C075FF /* launchScreen.jpg in Resources */,
				22433FE81B47212F00C075FF /* LaunchScreen.xib in Resources */,
				22433FE51B47212F00C075FF /* Images.xcassets in Resources */,
				22CE41931B4DBD0400C4BD58 /* transparent-green-checkmark-hi.png in Resources */,
			);
			runOnlyForDeploymentPostprocessing = 0;
		};
		22433FEB1B47212F00C075FF /* Resources */ = {
			isa = PBXResourcesBuildPhase;
			buildActionMask = 2147483647;
			files = (
			);
			runOnlyForDeploymentPostprocessing = 0;
		};
/* End PBXResourcesBuildPhase section */

/* Begin PBXShellScriptBuildPhase section */
		80D1F340AE74996ED86E7AA6 /* Copy Pods Resources */ = {
			isa = PBXShellScriptBuildPhase;
			buildActionMask = 2147483647;
			files = (
			);
			inputPaths = (
			);
			name = "Copy Pods Resources";
			outputPaths = (
			);
			runOnlyForDeploymentPostprocessing = 0;
			shellPath = /bin/sh;
			shellScript = "\"${SRCROOT}/Pods/Target Support Files/Pods/Pods-resources.sh\"\n";
			showEnvVarsInLog = 0;
		};
		ED83CA9AF57A2AD96BFFD49B /* Check Pods Manifest.lock */ = {
			isa = PBXShellScriptBuildPhase;
			buildActionMask = 2147483647;
			files = (
			);
			inputPaths = (
			);
			name = "Check Pods Manifest.lock";
			outputPaths = (
			);
			runOnlyForDeploymentPostprocessing = 0;
			shellPath = /bin/sh;
			shellScript = "diff \"${PODS_ROOT}/../Podfile.lock\" \"${PODS_ROOT}/Manifest.lock\" > /dev/null\nif [[ $? != 0 ]] ; then\n    cat << EOM\nerror: The sandbox is not in sync with the Podfile.lock. Run 'pod install' or update your CocoaPods installation.\nEOM\n    exit 1\nfi\n";
			showEnvVarsInLog = 0;
		};
/* End PBXShellScriptBuildPhase section */

/* Begin PBXSourcesBuildPhase section */
		22433FD11B47212F00C075FF /* Sources */ = {
			isa = PBXSourcesBuildPhase;
			buildActionMask = 2147483647;
			files = (
				224340081B472FB800C075FF /* dataDownloadObject.swift in Sources */,
				22433FDE1B47212F00C075FF /* Music_Player.xcdatamodeld in Sources */,
				22AD6B321B47BB7D00428602 /* VidQualityvc.swift in Sources */,
				224340041B47260500C075FF /* downloadCell.swift in Sources */,
				224340021B47253C00C075FF /* IDInputvc.swift in Sources */,
				22433FDB1B47212F00C075FF /* AppDelegate.swift in Sources */,
				2243400D1B476C5D00C075FF /* rootView.swift in Sources */,
				224340061B47266F00C075FF /* downloadTableViewController.swift in Sources */,
			);
			runOnlyForDeploymentPostprocessing = 0;
		};
		22433FE91B47212F00C075FF /* Sources */ = {
			isa = PBXSourcesBuildPhase;
			buildActionMask = 2147483647;
			files = (
			);
			runOnlyForDeploymentPostprocessing = 0;
		};
/* End PBXSourcesBuildPhase section */

/* Begin PBXTargetDependency section */
		22433FEF1B47212F00C075FF /* PBXTargetDependency */ = {
			isa = PBXTargetDependency;
			target = 22433FD41B47212F00C075FF /* Music Player */;
			targetProxy = 22433FEE1B47212F00C075FF /* PBXContainerItemProxy */;
		};
/* End PBXTargetDependency section */

/* Begin PBXVariantGroup section */
		22433FE11B47212F00C075FF /* Main.storyboard */ = {
			isa = PBXVariantGroup;
			children = (
				22433FE21B47212F00C075FF /* Base */,
			);
			name = Main.storyboard;
			sourceTree = "<group>";
		};
		22433FE61B47212F00C075FF /* LaunchScreen.xib */ = {
			isa = PBXVariantGroup;
			children = (
				22433FE71B47212F00C075FF /* Base */,
			);
			name = LaunchScreen.xib;
			sourceTree = "<group>";
		};
/* End PBXVariantGroup section */

/* Begin XCBuildConfiguration section */
		22433FF51B47212F00C075FF /* Debug */ = {
			isa = XCBuildConfiguration;
			buildSettings = {
				ALWAYS_SEARCH_USER_PATHS = NO;
				CLANG_CXX_LANGUAGE_STANDARD = "gnu++0x";
				CLANG_CXX_LIBRARY = "libc++";
				CLANG_ENABLE_MODULES = YES;
				CLANG_ENABLE_OBJC_ARC = YES;
				CLANG_WARN_BOOL_CONVERSION = YES;
				CLANG_WARN_CONSTANT_CONVERSION = YES;
				CLANG_WARN_DIRECT_OBJC_ISA_USAGE = YES_ERROR;
				CLANG_WARN_EMPTY_BODY = YES;
				CLANG_WARN_ENUM_CONVERSION = YES;
				CLANG_WARN_INT_CONVERSION = YES;
				CLANG_WARN_OBJC_ROOT_CLASS = YES_ERROR;
				CLANG_WARN_UNREACHABLE_CODE = YES;
				CLANG_WARN__DUPLICATE_METHOD_MATCH = YES;
				CODE_SIGN_ENTITLEMENTS = Entitlements.plist;
				CODE_SIGN_IDENTITY = "-";
				"CODE_SIGN_IDENTITY[sdk=iphoneos*]" = "-";
				COPY_PHASE_STRIP = NO;
				DEBUG_INFORMATION_FORMAT = "dwarf-with-dsym";
				ENABLE_STRICT_OBJC_MSGSEND = YES;
				GCC_C_LANGUAGE_STANDARD = gnu99;
				GCC_DYNAMIC_NO_PIC = NO;
				GCC_NO_COMMON_BLOCKS = YES;
				GCC_OPTIMIZATION_LEVEL = 0;
				GCC_PREPROCESSOR_DEFINITIONS = (
					"DEBUG=1",
					"$(inherited)",
				);
				GCC_SYMBOLS_PRIVATE_EXTERN = NO;
				GCC_WARN_64_TO_32_BIT_CONVERSION = YES;
				GCC_WARN_ABOUT_RETURN_TYPE = YES_ERROR;
				GCC_WARN_UNDECLARED_SELECTOR = YES;
				GCC_WARN_UNINITIALIZED_AUTOS = YES_AGGRESSIVE;
				GCC_WARN_UNUSED_FUNCTION = YES;
				GCC_WARN_UNUSED_VARIABLE = YES;
				IPHONEOS_DEPLOYMENT_TARGET = 8.1;
				MTL_ENABLE_DEBUG_INFO = YES;
				ONLY_ACTIVE_ARCH = YES;
				SDKROOT = iphoneos;
				SWIFT_OBJC_BRIDGING_HEADER = "/Users/Sam/Documents/Projects/Music Player/bridgingHeader.h";
				SWIFT_OPTIMIZATION_LEVEL = "-Onone";
				TARGETED_DEVICE_FAMILY = "1,2";
			};
			name = Debug;
		};
		22433FF61B47212F00C075FF /* Release */ = {
			isa = XCBuildConfiguration;
			buildSettings = {
				ALWAYS_SEARCH_USER_PATHS = NO;
				CLANG_CXX_LANGUAGE_STANDARD = "gnu++0x";
				CLANG_CXX_LIBRARY = "libc++";
				CLANG_ENABLE_MODULES = YES;
				CLANG_ENABLE_OBJC_ARC = YES;
				CLANG_WARN_BOOL_CONVERSION = YES;
				CLANG_WARN_CONSTANT_CONVERSION = YES;
				CLANG_WARN_DIRECT_OBJC_ISA_USAGE = YES_ERROR;
				CLANG_WARN_EMPTY_BODY = YES;
				CLANG_WARN_ENUM_CONVERSION = YES;
				CLANG_WARN_INT_CONVERSION = YES;
				CLANG_WARN_OBJC_ROOT_CLASS = YES_ERROR;
				CLANG_WARN_UNREACHABLE_CODE = YES;
				CLANG_WARN__DUPLICATE_METHOD_MATCH = YES;
				CODE_SIGN_ENTITLEMENTS = Entitlements.plist;
				CODE_SIGN_IDENTITY = "-";
				"CODE_SIGN_IDENTITY[sdk=iphoneos*]" = "-";
				COPY_PHASE_STRIP = NO;
				DEBUG_INFORMATION_FORMAT = "dwarf-with-dsym";
				ENABLE_NS_ASSERTIONS = NO;
				ENABLE_STRICT_OBJC_MSGSEND = YES;
				GCC_C_LANGUAGE_STANDARD = gnu99;
				GCC_NO_COMMON_BLOCKS = YES;
				GCC_WARN_64_TO_32_BIT_CONVERSION = YES;
				GCC_WARN_ABOUT_RETURN_TYPE = YES_ERROR;
				GCC_WARN_UNDECLARED_SELECTOR = YES;
				GCC_WARN_UNINITIALIZED_AUTOS = YES_AGGRESSIVE;
				GCC_WARN_UNUSED_FUNCTION = YES;
				GCC_WARN_UNUSED_VARIABLE = YES;
				IPHONEOS_DEPLOYMENT_TARGET = 8.1;
				MTL_ENABLE_DEBUG_INFO = NO;
				SDKROOT = iphoneos;
				SWIFT_OBJC_BRIDGING_HEADER = "/Users/Sam/Documents/Projects/Music Player/bridgingHeader.h";
				TARGETED_DEVICE_FAMILY = "1,2";
				VALIDATE_PRODUCT = YES;
			};
			name = Release;
		};
		22433FF81B47212F00C075FF /* Debug */ = {
			isa = XCBuildConfiguration;
			baseConfigurationReference = F5EB519E79CB1AE21C1131B5 /* Pods.debug.xcconfig */;
			buildSettings = {
				ASSETCATALOG_COMPILER_APPICON_NAME = AppIcon;
				INFOPLIST_FILE = "Music Player/Info.plist";
				LD_RUNPATH_SEARCH_PATHS = "$(inherited) @executable_path/Frameworks";
				LIBRARY_SEARCH_PATHS = (
					"$(inherited)",
					"$(PROJECT_DIR)/build/Debug-iphoneos",
				);
				PRODUCT_NAME = "$(TARGET_NAME)";
			};
			name = Debug;
		};
		22433FF91B47212F00C075FF /* Release */ = {
			isa = XCBuildConfiguration;
			baseConfigurationReference = F21E113ABCDB957DFAD2D41E /* Pods.release.xcconfig */;
			buildSettings = {
				ASSETCATALOG_COMPILER_APPICON_NAME = AppIcon;
				INFOPLIST_FILE = "Music Player/Info.plist";
				LD_RUNPATH_SEARCH_PATHS = "$(inherited) @executable_path/Frameworks";
				LIBRARY_SEARCH_PATHS = (
					"$(inherited)",
					"$(PROJECT_DIR)/build/Debug-iphoneos",
				);
				PRODUCT_NAME = "$(TARGET_NAME)";
			};
			name = Release;
		};
		22433FFB1B47212F00C075FF /* Debug */ = {
			isa = XCBuildConfiguration;
			buildSettings = {
				BUNDLE_LOADER = "$(TEST_HOST)";
				FRAMEWORK_SEARCH_PATHS = (
					"$(SDKROOT)/Developer/Library/Frameworks",
					"$(inherited)",
				);
				GCC_PREPROCESSOR_DEFINITIONS = (
					"DEBUG=1",
					"$(inherited)",
				);
				INFOPLIST_FILE = "Music PlayerTests/Info.plist";
				LD_RUNPATH_SEARCH_PATHS = "$(inherited) @executable_path/Frameworks @loader_path/Frameworks";
				PRODUCT_NAME = "$(TARGET_NAME)";
				TEST_HOST = "$(BUILT_PRODUCTS_DIR)/Music Player.app/Music Player";
			};
			name = Debug;
		};
		22433FFC1B47212F00C075FF /* Release */ = {
			isa = XCBuildConfiguration;
			buildSettings = {
				BUNDLE_LOADER = "$(TEST_HOST)";
				FRAMEWORK_SEARCH_PATHS = (
					"$(SDKROOT)/Developer/Library/Frameworks",
					"$(inherited)",
				);
				INFOPLIST_FILE = "Music PlayerTests/Info.plist";
				LD_RUNPATH_SEARCH_PATHS = "$(inherited) @executable_path/Frameworks @loader_path/Frameworks";
				PRODUCT_NAME = "$(TARGET_NAME)";
				TEST_HOST = "$(BUILT_PRODUCTS_DIR)/Music Player.app/Music Player";
			};
			name = Release;
		};
/* End XCBuildConfiguration section */

/* Begin XCConfigurationList section */
		22433FD01B47212F00C075FF /* Build configuration list for PBXProject "Music Player" */ = {
			isa = XCConfigurationList;
			buildConfigurations = (
				22433FF51B47212F00C075FF /* Debug */,
				22433FF61B47212F00C075FF /* Release */,
			);
			defaultConfigurationIsVisible = 0;
			defaultConfigurationName = Release;
		};
		22433FF71B47212F00C075FF /* Build configuration list for PBXNativeTarget "Music Player" */ = {
			isa = XCConfigurationList;
			buildConfigurations = (
				22433FF81B47212F00C075FF /* Debug */,
				22433FF91B47212F00C075FF /* Release */,
			);
			defaultConfigurationIsVisible = 0;
			defaultConfigurationName = Release;
		};
		22433FFA1B47212F00C075FF /* Build configuration list for PBXNativeTarget "Music PlayerTests" */ = {
			isa = XCConfigurationList;
			buildConfigurations = (
				22433FFB1B47212F00C075FF /* Debug */,
				22433FFC1B47212F00C075FF /* Release */,
			);
			defaultConfigurationIsVisible = 0;
			defaultConfigurationName = Release;
		};
/* End XCConfigurationList section */

/* Begin XCVersionGroup section */
		22433FDC1B47212F00C075FF /* Music_Player.xcdatamodeld */ = {
			isa = XCVersionGroup;
			children = (
				22433FDD1B47212F00C075FF /* Music_Player.xcdatamodel */,
			);
			currentVersion = 22433FDD1B47212F00C075FF /* Music_Player.xcdatamodel */;
			path = Music_Player.xcdatamodeld;
			sourceTree = "<group>";
			versionGroupType = wrapper.xcdatamodel;
		};
/* End XCVersionGroup section */
	};
	rootObject = 22433FCD1B47212F00C075FF /* Project object */;
}
