<?xml version="1.0" encoding="UTF-8"?>
<!DOCTYPE plist PUBLIC "-//Apple//DTD PLIST 1.0//EN" "http://www.apple.com/DTDs/PropertyList-1.0.dtd">
<plist version="1.0">
<dict>
	<key>archiveVersion</key>
	<string>1</string>
	<key>classes</key>
	<dict/>
	<key>objectVersion</key>
	<string>46</string>
	<key>objects</key>
	<dict>
		<key>026A0764070DC9AB14BFA41A</key>
		<dict>
			<key>children</key>
			<array>
				<string>F5EB519E79CB1AE21C1131B5</string>
				<string>F21E113ABCDB957DFAD2D41E</string>
				<string>756FD36EC50896AC78A023EB</string>
				<string>64DECA8865949D8B1C22EF2B</string>
			</array>
			<key>isa</key>
			<string>PBXGroup</string>
			<key>name</key>
			<string>Pods</string>
			<key>sourceTree</key>
			<string>&lt;group&gt;</string>
		</dict>
		<key>222ABEFA1BA6715C003B05A1</key>
		<dict>
			<key>fileEncoding</key>
			<string>4</string>
			<key>isa</key>
			<string>PBXFileReference</string>
			<key>lastKnownFileType</key>
			<string>sourcecode.swift</string>
			<key>path</key>
			<string>MiscFuncs.swift</string>
			<key>sourceTree</key>
			<string>&lt;group&gt;</string>
		</dict>
		<key>222ABEFB1BA6715C003B05A1</key>
		<dict>
			<key>fileRef</key>
			<string>222ABEFA1BA6715C003B05A1</string>
			<key>isa</key>
			<string>PBXBuildFile</string>
		</dict>
		<key>2240BF241BAA33A7005053BC</key>
		<dict>
			<key>isa</key>
			<string>PBXFileReference</string>
			<key>lastKnownFileType</key>
			<string>image.jpeg</string>
			<key>name</key>
			<string>pastel.jpg</string>
			<key>path</key>
			<string>Images/pastel.jpg</string>
			<key>sourceTree</key>
			<string>&lt;group&gt;</string>
		</dict>
		<key>2240BF251BAA33A7005053BC</key>
		<dict>
			<key>fileRef</key>
			<string>2240BF241BAA33A7005053BC</string>
			<key>isa</key>
			<string>PBXBuildFile</string>
		</dict>
		<key>2240BF261BAA33B7005053BC</key>
		<dict>
			<key>isa</key>
			<string>PBXFileReference</string>
			<key>lastKnownFileType</key>
			<string>image.png</string>
			<key>name</key>
			<string>black.png</string>
			<key>path</key>
			<string>Images/black.png</string>
			<key>sourceTree</key>
			<string>&lt;group&gt;</string>
		</dict>
		<key>2240BF271BAA33B7005053BC</key>
		<dict>
			<key>isa</key>
			<string>PBXFileReference</string>
			<key>lastKnownFileType</key>
			<string>image.jpeg</string>
			<key>name</key>
			<string>droplets.jpg</string>
			<key>path</key>
			<string>Images/droplets.jpg</string>
			<key>sourceTree</key>
			<string>&lt;group&gt;</string>
		</dict>
		<key>2240BF281BAA33B7005053BC</key>
		<dict>
			<key>isa</key>
			<string>PBXFileReference</string>
			<key>lastKnownFileType</key>
			<string>image.png</string>
			<key>name</key>
			<string>gear@2x.png</string>
			<key>path</key>
			<string>Images/gear@2x.png</string>
			<key>sourceTree</key>
			<string>&lt;group&gt;</string>
		</dict>
		<key>2240BF291BAA33B7005053BC</key>
		<dict>
			<key>isa</key>
			<string>PBXFileReference</string>
			<key>lastKnownFileType</key>
			<string>image.jpeg</string>
			<key>name</key>
			<string>hills.jpg</string>
			<key>path</key>
			<string>Images/hills.jpg</string>
			<key>sourceTree</key>
			<string>&lt;group&gt;</string>
		</dict>
		<key>2240BF2A1BAA33B7005053BC</key>
		<dict>
			<key>isa</key>
			<string>PBXFileReference</string>
			<key>lastKnownFileType</key>
			<string>image.png</string>
			<key>name</key>
			<string>shuffle@2x.png</string>
			<key>path</key>
			<string>Images/shuffle@2x.png</string>
			<key>sourceTree</key>
			<string>&lt;group&gt;</string>
		</dict>
		<key>2240BF2B1BAA33B7005053BC</key>
		<dict>
			<key>isa</key>
			<string>PBXFileReference</string>
			<key>lastKnownFileType</key>
			<string>image.png</string>
			<key>name</key>
			<string>video@2x.png</string>
			<key>path</key>
			<string>Images/video@2x.png</string>
			<key>sourceTree</key>
			<string>&lt;group&gt;</string>
		</dict>
		<key>2240BF2C1BAA33B7005053BC</key>
		<dict>
			<key>fileRef</key>
			<string>2240BF261BAA33B7005053BC</string>
			<key>isa</key>
			<string>PBXBuildFile</string>
		</dict>
		<key>2240BF2D1BAA33B7005053BC</key>
		<dict>
			<key>fileRef</key>
			<string>2240BF271BAA33B7005053BC</string>
			<key>isa</key>
			<string>PBXBuildFile</string>
		</dict>
		<key>2240BF2E1BAA33B7005053BC</key>
		<dict>
			<key>fileRef</key>
			<string>2240BF281BAA33B7005053BC</string>
			<key>isa</key>
			<string>PBXBuildFile</string>
		</dict>
		<key>2240BF2F1BAA33B7005053BC</key>
		<dict>
			<key>fileRef</key>
			<string>2240BF291BAA33B7005053BC</string>
			<key>isa</key>
			<string>PBXBuildFile</string>
		</dict>
		<key>2240BF301BAA33B7005053BC</key>
		<dict>
			<key>fileRef</key>
			<string>2240BF2A1BAA33B7005053BC</string>
			<key>isa</key>
			<string>PBXBuildFile</string>
		</dict>
		<key>2240BF311BAA33B7005053BC</key>
		<dict>
			<key>fileRef</key>
			<string>2240BF2B1BAA33B7005053BC</string>
			<key>isa</key>
			<string>PBXBuildFile</string>
		</dict>
		<key>22433FCC1B47212F00C075FF</key>
		<dict>
			<key>children</key>
			<array>
				<string>224340091B473C8B00C075FF</string>
				<string>22433FD71B47212F00C075FF</string>
				<string>22433FF01B47212F00C075FF</string>
				<string>22433FD61B47212F00C075FF</string>
				<string>026A0764070DC9AB14BFA41A</string>
				<string>43023294B39B809D25A34FED</string>
			</array>
			<key>isa</key>
			<string>PBXGroup</string>
			<key>sourceTree</key>
			<string>&lt;group&gt;</string>
		</dict>
		<key>22433FCD1B47212F00C075FF</key>
		<dict>
			<key>attributes</key>
			<dict>
				<key>LastSwiftMigration</key>
				<string>0710</string>
				<key>LastSwiftUpdateCheck</key>
				<string>0710</string>
				<key>LastUpgradeCheck</key>
				<string>0710</string>
				<key>ORGANIZATIONNAME</key>
				<string>Sem</string>
				<key>TargetAttributes</key>
				<dict>
					<key>22433FD41B47212F00C075FF</key>
					<dict>
						<key>CreatedOnToolsVersion</key>
						<string>6.3.2</string>
						<key>DevelopmentTeam</key>
						<string>EJA9W9EPZD</string>
					</dict>
					<key>22433FEC1B47212F00C075FF</key>
					<dict>
						<key>CreatedOnToolsVersion</key>
						<string>6.3.2</string>
						<key>TestTargetID</key>
						<string>22433FD41B47212F00C075FF</string>
					</dict>
				</dict>
			</dict>
			<key>buildConfigurationList</key>
			<string>22433FD01B47212F00C075FF</string>
			<key>compatibilityVersion</key>
			<string>Xcode 3.2</string>
			<key>developmentRegion</key>
			<string>English</string>
			<key>hasScannedForEncodings</key>
			<string>0</string>
			<key>isa</key>
			<string>PBXProject</string>
			<key>knownRegions</key>
			<array>
				<string>en</string>
				<string>Base</string>
			</array>
			<key>mainGroup</key>
			<string>22433FCC1B47212F00C075FF</string>
			<key>productRefGroup</key>
			<string>22433FD61B47212F00C075FF</string>
			<key>projectDirPath</key>
			<string></string>
			<key>projectReferences</key>
			<array/>
			<key>projectRoot</key>
			<string></string>
			<key>targets</key>
			<array>
				<string>22433FD41B47212F00C075FF</string>
				<string>22433FEC1B47212F00C075FF</string>
			</array>
		</dict>
		<key>22433FD01B47212F00C075FF</key>
		<dict>
			<key>buildConfigurations</key>
			<array>
				<string>22433FF51B47212F00C075FF</string>
				<string>22433FF61B47212F00C075FF</string>
			</array>
			<key>defaultConfigurationIsVisible</key>
			<string>0</string>
			<key>defaultConfigurationName</key>
			<string>Release</string>
			<key>isa</key>
			<string>XCConfigurationList</string>
		</dict>
		<key>22433FD11B47212F00C075FF</key>
		<dict>
			<key>buildActionMask</key>
			<string>2147483647</string>
			<key>files</key>
			<array>
				<string>2291DEE01B6F2CD500DEF0E8</string>
				<string>224340081B472FB800C075FF</string>
				<string>D244D1C61C79858300A7E5B5</string>
				<string>22433FDE1B47212F00C075FF</string>
				<string>D2A23C6D1C784A6E00A9F644</string>
				<string>B0DA10F11C380833009BE745</string>
				<string>222ABEFB1BA6715C003B05A1</string>
				<string>22CB59E41B4EE65B001BD2AA</string>
				<string>B093A2A41C3427CE00AC86C0</string>
				<string>D2392EDF1C3757E5004AD31C</string>
				<string>22AD6B321B47BB7D00428602</string>
				<string>D2253AA71C39EFE00057767C</string>
				<string>D2253AA91C3A36970057767C</string>
				<string>224340041B47260500C075FF</string>
				<string>D29E202A1CA4E23E0079A261</string>
				<string>B093A2A61C34429D00AC86C0</string>
				<string>B093A2A21C3424D000AC86C0</string>
				<string>22433FDB1B47212F00C075FF</string>
				<string>B0DA10EC1C3804AC009BE745</string>
				<string>225F06121B613BB6005D0DEA</string>
				<string>D2A1F8DC1CA0C58500F4ED53</string>
				<string>224340061B47266F00C075FF</string>
				<string>D2A1F8DA1CA0C4CC00F4ED53</string>
			</array>
			<key>isa</key>
			<string>PBXSourcesBuildPhase</string>
			<key>runOnlyForDeploymentPostprocessing</key>
			<string>0</string>
		</dict>
		<key>22433FD21B47212F00C075FF</key>
		<dict>
			<key>buildActionMask</key>
			<string>2147483647</string>
			<key>files</key>
			<array>
				<string>D2B048EA1C2BAA8300E45E96</string>
				<string>D2B048EB1C2BAA8300E45E96</string>
				<string>D2B048EC1C2BAA8400E45E96</string>
				<string>D2B048ED1C2BAA8400E45E96</string>
				<string>EFC267E450DB689C9374BF3D</string>
				<string>EB67419F31499F07445ED635</string>
			</array>
			<key>isa</key>
			<string>PBXFrameworksBuildPhase</string>
			<key>runOnlyForDeploymentPostprocessing</key>
			<string>0</string>
		</dict>
		<key>22433FD31B47212F00C075FF</key>
		<dict>
			<key>buildActionMask</key>
			<string>2147483647</string>
			<key>files</key>
			<array>
				<string>2240BF2E1BAA33B7005053BC</string>
				<string>22433FE31B47212F00C075FF</string>
				<string>2240BF311BAA33B7005053BC</string>
				<string>2240BF2D1BAA33B7005053BC</string>
				<string>2240BF2F1BAA33B7005053BC</string>
				<string>D2B7DA5A1C349BDB0018106A</string>
				<string>22433FE81B47212F00C075FF</string>
				<string>2240BF301BAA33B7005053BC</string>
				<string>2240BF251BAA33A7005053BC</string>
				<string>22433FE51B47212F00C075FF</string>
				<string>2240BF2C1BAA33B7005053BC</string>
			</array>
			<key>isa</key>
			<string>PBXResourcesBuildPhase</string>
			<key>runOnlyForDeploymentPostprocessing</key>
			<string>0</string>
		</dict>
		<key>22433FD41B47212F00C075FF</key>
		<dict>
			<key>buildConfigurationList</key>
			<string>22433FF71B47212F00C075FF</string>
			<key>buildPhases</key>
			<array>
				<string>ED83CA9AF57A2AD96BFFD49B</string>
				<string>22433FD11B47212F00C075FF</string>
				<string>22433FD21B47212F00C075FF</string>
				<string>22433FD31B47212F00C075FF</string>
				<string>80D1F340AE74996ED86E7AA6</string>
				<string>CD4EDE8EF4D50C21148A32A6</string>
			</array>
			<key>buildRules</key>
			<array/>
			<key>dependencies</key>
			<array/>
			<key>isa</key>
			<string>PBXNativeTarget</string>
			<key>name</key>
			<string>Music Player</string>
			<key>productName</key>
			<string>Music Player</string>
			<key>productReference</key>
			<string>22433FD51B47212F00C075FF</string>
			<key>productType</key>
			<string>com.apple.product-type.application</string>
		</dict>
		<key>22433FD51B47212F00C075FF</key>
		<dict>
			<key>explicitFileType</key>
			<string>wrapper.application</string>
			<key>includeInIndex</key>
			<string>0</string>
			<key>isa</key>
			<string>PBXFileReference</string>
			<key>path</key>
			<string>Music Player.app</string>
			<key>sourceTree</key>
			<string>BUILT_PRODUCTS_DIR</string>
		</dict>
		<key>22433FD61B47212F00C075FF</key>
		<dict>
			<key>children</key>
			<array>
				<string>22433FD51B47212F00C075FF</string>
				<string>22433FED1B47212F00C075FF</string>
			</array>
			<key>isa</key>
			<string>PBXGroup</string>
			<key>name</key>
			<string>Products</string>
			<key>sourceTree</key>
			<string>&lt;group&gt;</string>
		</dict>
		<key>22433FD71B47212F00C075FF</key>
		<dict>
			<key>children</key>
			<array>
				<string>D2A97C311C3F015C0075BF59</string>
				<string>D2A97C2E1C3F011B0075BF59</string>
				<string>D2A97C291C3F00770075BF59</string>
				<string>B0DA10ED1C380821009BE745</string>
				<string>22433FE11B47212F00C075FF</string>
				<string>22433FE41B47212F00C075FF</string>
				<string>22433FE61B47212F00C075FF</string>
				<string>22433FDC1B47212F00C075FF</string>
				<string>22433FD81B47212F00C075FF</string>
			</array>
			<key>isa</key>
			<string>PBXGroup</string>
			<key>path</key>
			<string>Music Player</string>
			<key>sourceTree</key>
			<string>&lt;group&gt;</string>
		</dict>
		<key>22433FD81B47212F00C075FF</key>
		<dict>
			<key>children</key>
			<array>
				<string>D2B7DA591C349BDB0018106A</string>
				<string>2240BF241BAA33A7005053BC</string>
				<string>2240BF261BAA33B7005053BC</string>
				<string>2240BF271BAA33B7005053BC</string>
				<string>2240BF281BAA33B7005053BC</string>
				<string>2240BF291BAA33B7005053BC</string>
				<string>2240BF2A1BAA33B7005053BC</string>
				<string>2240BF2B1BAA33B7005053BC</string>
				<string>22433FD91B47212F00C075FF</string>
			</array>
			<key>isa</key>
			<string>PBXGroup</string>
			<key>name</key>
			<string>Supporting Files</string>
			<key>sourceTree</key>
			<string>&lt;group&gt;</string>
		</dict>
		<key>22433FD91B47212F00C075FF</key>
		<dict>
			<key>isa</key>
			<string>PBXFileReference</string>
			<key>lastKnownFileType</key>
			<string>text.plist.xml</string>
			<key>path</key>
			<string>Info.plist</string>
			<key>sourceTree</key>
			<string>&lt;group&gt;</string>
		</dict>
		<key>22433FDA1B47212F00C075FF</key>
		<dict>
			<key>isa</key>
			<string>PBXFileReference</string>
			<key>lastKnownFileType</key>
			<string>sourcecode.swift</string>
			<key>path</key>
			<string>AppDelegate.swift</string>
			<key>sourceTree</key>
			<string>&lt;group&gt;</string>
		</dict>
		<key>22433FDB1B47212F00C075FF</key>
		<dict>
			<key>fileRef</key>
			<string>22433FDA1B47212F00C075FF</string>
			<key>isa</key>
			<string>PBXBuildFile</string>
		</dict>
		<key>22433FDC1B47212F00C075FF</key>
		<dict>
			<key>children</key>
			<array>
				<string>22433FDD1B47212F00C075FF</string>
			</array>
			<key>currentVersion</key>
			<string>22433FDD1B47212F00C075FF</string>
			<key>isa</key>
			<string>XCVersionGroup</string>
			<key>path</key>
			<string>Music_Player.xcdatamodeld</string>
			<key>sourceTree</key>
			<string>&lt;group&gt;</string>
			<key>versionGroupType</key>
			<string>wrapper.xcdatamodel</string>
		</dict>
		<key>22433FDD1B47212F00C075FF</key>
		<dict>
			<key>isa</key>
			<string>PBXFileReference</string>
			<key>lastKnownFileType</key>
			<string>wrapper.xcdatamodel</string>
			<key>path</key>
			<string>Music_Player.xcdatamodel</string>
			<key>sourceTree</key>
			<string>&lt;group&gt;</string>
		</dict>
		<key>22433FDE1B47212F00C075FF</key>
		<dict>
			<key>fileRef</key>
			<string>22433FDC1B47212F00C075FF</string>
			<key>isa</key>
			<string>PBXBuildFile</string>
		</dict>
		<key>22433FE11B47212F00C075FF</key>
		<dict>
			<key>children</key>
			<array>
				<string>22433FE21B47212F00C075FF</string>
			</array>
			<key>isa</key>
			<string>PBXVariantGroup</string>
			<key>name</key>
			<string>Main.storyboard</string>
			<key>sourceTree</key>
			<string>&lt;group&gt;</string>
		</dict>
		<key>22433FE21B47212F00C075FF</key>
		<dict>
			<key>isa</key>
			<string>PBXFileReference</string>
			<key>lastKnownFileType</key>
			<string>file.storyboard</string>
			<key>name</key>
			<string>Base</string>
			<key>path</key>
			<string>Base.lproj/Main.storyboard</string>
			<key>sourceTree</key>
			<string>&lt;group&gt;</string>
		</dict>
		<key>22433FE31B47212F00C075FF</key>
		<dict>
			<key>fileRef</key>
			<string>22433FE11B47212F00C075FF</string>
			<key>isa</key>
			<string>PBXBuildFile</string>
		</dict>
		<key>22433FE41B47212F00C075FF</key>
		<dict>
			<key>isa</key>
			<string>PBXFileReference</string>
			<key>lastKnownFileType</key>
			<string>folder.assetcatalog</string>
			<key>path</key>
			<string>Images.xcassets</string>
			<key>sourceTree</key>
			<string>&lt;group&gt;</string>
		</dict>
		<key>22433FE51B47212F00C075FF</key>
		<dict>
			<key>fileRef</key>
			<string>22433FE41B47212F00C075FF</string>
			<key>isa</key>
			<string>PBXBuildFile</string>
		</dict>
		<key>22433FE61B47212F00C075FF</key>
		<dict>
			<key>children</key>
			<array>
				<string>22433FE71B47212F00C075FF</string>
			</array>
			<key>isa</key>
			<string>PBXVariantGroup</string>
			<key>name</key>
			<string>LaunchScreen.xib</string>
			<key>sourceTree</key>
			<string>&lt;group&gt;</string>
		</dict>
		<key>22433FE71B47212F00C075FF</key>
		<dict>
			<key>isa</key>
			<string>PBXFileReference</string>
			<key>lastKnownFileType</key>
			<string>file.xib</string>
			<key>name</key>
			<string>Base</string>
			<key>path</key>
			<string>Base.lproj/LaunchScreen.xib</string>
			<key>sourceTree</key>
			<string>&lt;group&gt;</string>
		</dict>
		<key>22433FE81B47212F00C075FF</key>
		<dict>
			<key>fileRef</key>
			<string>22433FE61B47212F00C075FF</string>
			<key>isa</key>
			<string>PBXBuildFile</string>
		</dict>
		<key>22433FE91B47212F00C075FF</key>
		<dict>
			<key>buildActionMask</key>
			<string>2147483647</string>
			<key>files</key>
			<array/>
			<key>isa</key>
			<string>PBXSourcesBuildPhase</string>
			<key>runOnlyForDeploymentPostprocessing</key>
			<string>0</string>
		</dict>
		<key>22433FEA1B47212F00C075FF</key>
		<dict>
			<key>buildActionMask</key>
			<string>2147483647</string>
			<key>files</key>
			<array>
				<string>D2B048F21C2BAA9C00E45E96</string>
				<string>D2B048F31C2BAA9C00E45E96</string>
				<string>D2B048F41C2BAA9C00E45E96</string>
				<string>D2B048F51C2BAA9C00E45E96</string>
			</array>
			<key>isa</key>
			<string>PBXFrameworksBuildPhase</string>
			<key>runOnlyForDeploymentPostprocessing</key>
			<string>0</string>
		</dict>
		<key>22433FEB1B47212F00C075FF</key>
		<dict>
			<key>buildActionMask</key>
			<string>2147483647</string>
			<key>files</key>
			<array/>
			<key>isa</key>
			<string>PBXResourcesBuildPhase</string>
			<key>runOnlyForDeploymentPostprocessing</key>
			<string>0</string>
		</dict>
		<key>22433FEC1B47212F00C075FF</key>
		<dict>
			<key>buildConfigurationList</key>
			<string>22433FFA1B47212F00C075FF</string>
			<key>buildPhases</key>
			<array>
				<string>22433FE91B47212F00C075FF</string>
				<string>22433FEA1B47212F00C075FF</string>
				<string>22433FEB1B47212F00C075FF</string>
			</array>
			<key>buildRules</key>
			<array/>
			<key>dependencies</key>
			<array>
				<string>22433FEF1B47212F00C075FF</string>
			</array>
			<key>isa</key>
			<string>PBXNativeTarget</string>
			<key>name</key>
			<string>Music PlayerTests</string>
			<key>productName</key>
			<string>Music PlayerTests</string>
			<key>productReference</key>
			<string>22433FED1B47212F00C075FF</string>
			<key>productType</key>
			<string>com.apple.product-type.bundle.unit-test</string>
		</dict>
		<key>22433FED1B47212F00C075FF</key>
		<dict>
			<key>explicitFileType</key>
			<string>wrapper.cfbundle</string>
			<key>includeInIndex</key>
			<string>0</string>
			<key>isa</key>
			<string>PBXFileReference</string>
			<key>path</key>
			<string>Music PlayerTests.xctest</string>
			<key>sourceTree</key>
			<string>BUILT_PRODUCTS_DIR</string>
		</dict>
		<key>22433FEE1B47212F00C075FF</key>
		<dict>
			<key>containerPortal</key>
			<string>22433FCD1B47212F00C075FF</string>
			<key>isa</key>
			<string>PBXContainerItemProxy</string>
			<key>proxyType</key>
			<string>1</string>
			<key>remoteGlobalIDString</key>
			<string>22433FD41B47212F00C075FF</string>
			<key>remoteInfo</key>
			<string>Music Player</string>
		</dict>
		<key>22433FEF1B47212F00C075FF</key>
		<dict>
			<key>isa</key>
			<string>PBXTargetDependency</string>
			<key>target</key>
			<string>22433FD41B47212F00C075FF</string>
			<key>targetProxy</key>
			<string>22433FEE1B47212F00C075FF</string>
		</dict>
		<key>22433FF01B47212F00C075FF</key>
		<dict>
			<key>children</key>
			<array>
				<string>22433FF31B47212F00C075FF</string>
				<string>22433FF11B47212F00C075FF</string>
			</array>
			<key>isa</key>
			<string>PBXGroup</string>
			<key>path</key>
			<string>Music PlayerTests</string>
			<key>sourceTree</key>
			<string>&lt;group&gt;</string>
		</dict>
		<key>22433FF11B47212F00C075FF</key>
		<dict>
			<key>children</key>
			<array>
				<string>22433FF21B47212F00C075FF</string>
			</array>
			<key>isa</key>
			<string>PBXGroup</string>
			<key>name</key>
			<string>Supporting Files</string>
			<key>sourceTree</key>
			<string>&lt;group&gt;</string>
		</dict>
		<key>22433FF21B47212F00C075FF</key>
		<dict>
			<key>isa</key>
			<string>PBXFileReference</string>
			<key>lastKnownFileType</key>
			<string>text.plist.xml</string>
			<key>path</key>
			<string>Info.plist</string>
			<key>sourceTree</key>
			<string>&lt;group&gt;</string>
		</dict>
		<key>22433FF31B47212F00C075FF</key>
		<dict>
			<key>isa</key>
			<string>PBXFileReference</string>
			<key>lastKnownFileType</key>
			<string>sourcecode.swift</string>
			<key>path</key>
			<string>Music_PlayerTests.swift</string>
			<key>sourceTree</key>
			<string>&lt;group&gt;</string>
		</dict>
		<key>22433FF51B47212F00C075FF</key>
		<dict>
			<key>buildSettings</key>
			<dict>
				<key>ALWAYS_SEARCH_USER_PATHS</key>
				<string>NO</string>
				<key>CLANG_CXX_LANGUAGE_STANDARD</key>
				<string>gnu++0x</string>
				<key>CLANG_CXX_LIBRARY</key>
				<string>libc++</string>
				<key>CLANG_ENABLE_MODULES</key>
				<string>YES</string>
				<key>CLANG_ENABLE_OBJC_ARC</key>
				<string>YES</string>
				<key>CLANG_WARN_BOOL_CONVERSION</key>
				<string>YES</string>
				<key>CLANG_WARN_CONSTANT_CONVERSION</key>
				<string>YES</string>
				<key>CLANG_WARN_DIRECT_OBJC_ISA_USAGE</key>
				<string>YES_ERROR</string>
				<key>CLANG_WARN_EMPTY_BODY</key>
				<string>YES</string>
				<key>CLANG_WARN_ENUM_CONVERSION</key>
				<string>YES</string>
				<key>CLANG_WARN_INT_CONVERSION</key>
				<string>YES</string>
				<key>CLANG_WARN_OBJC_ROOT_CLASS</key>
				<string>YES_ERROR</string>
				<key>CLANG_WARN_UNREACHABLE_CODE</key>
				<string>YES</string>
				<key>CLANG_WARN__DUPLICATE_METHOD_MATCH</key>
				<string>YES</string>
				<key>CODE_SIGN_ENTITLEMENTS</key>
				<string></string>
				<key>CODE_SIGN_IDENTITY</key>
				<string>iPhone Distribution</string>
				<key>CODE_SIGN_IDENTITY[sdk=iphoneos*]</key>
				<string>iPhone Distribution</string>
				<key>COPY_PHASE_STRIP</key>
				<string>NO</string>
				<key>DEBUG_INFORMATION_FORMAT</key>
				<string>dwarf-with-dsym</string>
				<key>ENABLE_STRICT_OBJC_MSGSEND</key>
				<string>YES</string>
				<key>ENABLE_TESTABILITY</key>
				<string>YES</string>
				<key>GCC_C_LANGUAGE_STANDARD</key>
				<string>gnu99</string>
				<key>GCC_DYNAMIC_NO_PIC</key>
				<string>NO</string>
				<key>GCC_NO_COMMON_BLOCKS</key>
				<string>YES</string>
				<key>GCC_OPTIMIZATION_LEVEL</key>
				<string>0</string>
				<key>GCC_PREPROCESSOR_DEFINITIONS</key>
				<array>
					<string>DEBUG=1</string>
					<string>$(inherited)</string>
				</array>
				<key>GCC_SYMBOLS_PRIVATE_EXTERN</key>
				<string>NO</string>
				<key>GCC_WARN_64_TO_32_BIT_CONVERSION</key>
				<string>YES</string>
				<key>GCC_WARN_ABOUT_RETURN_TYPE</key>
				<string>YES_ERROR</string>
				<key>GCC_WARN_UNDECLARED_SELECTOR</key>
				<string>YES</string>
				<key>GCC_WARN_UNINITIALIZED_AUTOS</key>
				<string>YES_AGGRESSIVE</string>
				<key>GCC_WARN_UNUSED_FUNCTION</key>
				<string>YES</string>
				<key>GCC_WARN_UNUSED_VARIABLE</key>
				<string>YES</string>
				<key>IPHONEOS_DEPLOYMENT_TARGET</key>
				<string>8.1</string>
				<key>MTL_ENABLE_DEBUG_INFO</key>
				<string>YES</string>
				<key>ONLY_ACTIVE_ARCH</key>
				<string>YES</string>
				<key>SDKROOT</key>
				<string>iphoneos</string>
				<key>SWIFT_OBJC_BRIDGING_HEADER</key>
				<string>/Users/samuelchu/Documents/YoutubePlaylist-Downloader/bridgingHeader.h</string>
				<key>SWIFT_OPTIMIZATION_LEVEL</key>
				<string>-Onone</string>
				<key>TARGETED_DEVICE_FAMILY</key>
				<string>1,2</string>
			</dict>
			<key>isa</key>
			<string>XCBuildConfiguration</string>
			<key>name</key>
			<string>Debug</string>
		</dict>
		<key>22433FF61B47212F00C075FF</key>
		<dict>
			<key>buildSettings</key>
			<dict>
				<key>ALWAYS_SEARCH_USER_PATHS</key>
				<string>NO</string>
				<key>CLANG_CXX_LANGUAGE_STANDARD</key>
				<string>gnu++0x</string>
				<key>CLANG_CXX_LIBRARY</key>
				<string>libc++</string>
				<key>CLANG_ENABLE_MODULES</key>
				<string>YES</string>
				<key>CLANG_ENABLE_OBJC_ARC</key>
				<string>YES</string>
				<key>CLANG_WARN_BOOL_CONVERSION</key>
				<string>YES</string>
				<key>CLANG_WARN_CONSTANT_CONVERSION</key>
				<string>YES</string>
				<key>CLANG_WARN_DIRECT_OBJC_ISA_USAGE</key>
				<string>YES_ERROR</string>
				<key>CLANG_WARN_EMPTY_BODY</key>
				<string>YES</string>
				<key>CLANG_WARN_ENUM_CONVERSION</key>
				<string>YES</string>
				<key>CLANG_WARN_INT_CONVERSION</key>
				<string>YES</string>
				<key>CLANG_WARN_OBJC_ROOT_CLASS</key>
				<string>YES_ERROR</string>
				<key>CLANG_WARN_UNREACHABLE_CODE</key>
				<string>YES</string>
				<key>CLANG_WARN__DUPLICATE_METHOD_MATCH</key>
				<string>YES</string>
				<key>CODE_SIGN_ENTITLEMENTS</key>
				<string></string>
				<key>CODE_SIGN_IDENTITY</key>
				<string>iPhone Distribution</string>
				<key>CODE_SIGN_IDENTITY[sdk=iphoneos*]</key>
				<string>iPhone Distribution</string>
				<key>COPY_PHASE_STRIP</key>
				<string>NO</string>
				<key>DEBUG_INFORMATION_FORMAT</key>
				<string>dwarf-with-dsym</string>
				<key>ENABLE_NS_ASSERTIONS</key>
				<string>NO</string>
				<key>ENABLE_STRICT_OBJC_MSGSEND</key>
				<string>YES</string>
				<key>GCC_C_LANGUAGE_STANDARD</key>
				<string>gnu99</string>
				<key>GCC_NO_COMMON_BLOCKS</key>
				<string>YES</string>
				<key>GCC_WARN_64_TO_32_BIT_CONVERSION</key>
				<string>YES</string>
				<key>GCC_WARN_ABOUT_RETURN_TYPE</key>
				<string>YES_ERROR</string>
				<key>GCC_WARN_UNDECLARED_SELECTOR</key>
				<string>YES</string>
				<key>GCC_WARN_UNINITIALIZED_AUTOS</key>
				<string>YES_AGGRESSIVE</string>
				<key>GCC_WARN_UNUSED_FUNCTION</key>
				<string>YES</string>
				<key>GCC_WARN_UNUSED_VARIABLE</key>
				<string>YES</string>
				<key>IPHONEOS_DEPLOYMENT_TARGET</key>
				<string>8.1</string>
				<key>MTL_ENABLE_DEBUG_INFO</key>
				<string>NO</string>
				<key>SDKROOT</key>
				<string>iphoneos</string>
				<key>SWIFT_OBJC_BRIDGING_HEADER</key>
				<string>/Users/samuelchu/Documents/YoutubePlaylist-Downloader/bridgingHeader.h</string>
				<key>TARGETED_DEVICE_FAMILY</key>
				<string>1,2</string>
				<key>VALIDATE_PRODUCT</key>
				<string>YES</string>
			</dict>
			<key>isa</key>
			<string>XCBuildConfiguration</string>
			<key>name</key>
			<string>Release</string>
		</dict>
		<key>22433FF71B47212F00C075FF</key>
		<dict>
			<key>buildConfigurations</key>
			<array>
				<string>22433FF81B47212F00C075FF</string>
				<string>22433FF91B47212F00C075FF</string>
			</array>
			<key>defaultConfigurationIsVisible</key>
			<string>0</string>
			<key>defaultConfigurationName</key>
			<string>Release</string>
			<key>isa</key>
			<string>XCConfigurationList</string>
		</dict>
		<key>22433FF81B47212F00C075FF</key>
		<dict>
			<key>baseConfigurationReference</key>
			<string>756FD36EC50896AC78A023EB</string>
			<key>buildSettings</key>
			<dict>
				<key>ASSETCATALOG_COMPILER_APPICON_NAME</key>
				<string>AppIcon</string>
				<key>CODE_SIGN_IDENTITY</key>
				<string>iPhone Developer</string>
				<key>CODE_SIGN_IDENTITY[sdk=iphoneos*]</key>
				<string>iPhone Developer</string>
				<key>FRAMEWORK_SEARCH_PATHS</key>
				<array>
					<string>$(inherited)</string>
					<string>$(SDKROOT)$(SYSTEM_LIBRARY_DIR)/PrivateFrameworks</string>
					<string>$(PROJECT_DIR)/build/Debug-iphoneos</string>
				</array>
				<key>INFOPLIST_FILE</key>
				<string>Music Player/Info.plist</string>
				<key>LD_RUNPATH_SEARCH_PATHS</key>
				<string>$(inherited) @executable_path/Frameworks</string>
				<key>LIBRARY_SEARCH_PATHS</key>
				<array>
					<string>$(inherited)</string>
					<string>$(PROJECT_DIR)/build/Debug-iphoneos</string>
				</array>
				<key>PRODUCT_BUNDLE_IDENTIFIER</key>
				<string>com.$(PRODUCT_NAME:rfc1034identifier)</string>
				<key>PRODUCT_NAME</key>
				<string>$(TARGET_NAME)</string>
				<key>PROVISIONING_PROFILE</key>
				<string></string>
				<key>SWIFT_OBJC_BRIDGING_HEADER</key>
				<string>${SRCROOT}/bridgingHeader.h</string>
			</dict>
			<key>isa</key>
			<string>XCBuildConfiguration</string>
			<key>name</key>
			<string>Debug</string>
		</dict>
		<key>22433FF91B47212F00C075FF</key>
		<dict>
			<key>baseConfigurationReference</key>
			<string>64DECA8865949D8B1C22EF2B</string>
			<key>buildSettings</key>
			<dict>
				<key>ASSETCATALOG_COMPILER_APPICON_NAME</key>
				<string>AppIcon</string>
				<key>CODE_SIGN_IDENTITY</key>
				<string>iPhone Developer</string>
				<key>CODE_SIGN_IDENTITY[sdk=iphoneos*]</key>
				<string>iPhone Developer</string>
				<key>FRAMEWORK_SEARCH_PATHS</key>
				<array>
					<string>$(inherited)</string>
					<string>$(SDKROOT)$(SYSTEM_LIBRARY_DIR)/PrivateFrameworks</string>
					<string>$(PROJECT_DIR)/build/Debug-iphoneos</string>
				</array>
				<key>INFOPLIST_FILE</key>
				<string>Music Player/Info.plist</string>
				<key>LD_RUNPATH_SEARCH_PATHS</key>
				<string>$(inherited) @executable_path/Frameworks</string>
				<key>LIBRARY_SEARCH_PATHS</key>
				<array>
					<string>$(inherited)</string>
					<string>$(PROJECT_DIR)/build/Debug-iphoneos</string>
				</array>
				<key>PRODUCT_BUNDLE_IDENTIFIER</key>
				<string>com.$(PRODUCT_NAME:rfc1034identifier)</string>
				<key>PRODUCT_NAME</key>
				<string>$(TARGET_NAME)</string>
				<key>PROVISIONING_PROFILE</key>
				<string></string>
				<key>SWIFT_OBJC_BRIDGING_HEADER</key>
				<string>${SRCROOT}/bridgingHeader.h</string>
			</dict>
			<key>isa</key>
			<string>XCBuildConfiguration</string>
			<key>name</key>
			<string>Release</string>
		</dict>
		<key>22433FFA1B47212F00C075FF</key>
		<dict>
			<key>buildConfigurations</key>
			<array>
				<string>22433FFB1B47212F00C075FF</string>
				<string>22433FFC1B47212F00C075FF</string>
			</array>
			<key>defaultConfigurationIsVisible</key>
			<string>0</string>
			<key>defaultConfigurationName</key>
			<string>Release</string>
			<key>isa</key>
			<string>XCConfigurationList</string>
		</dict>
		<key>22433FFB1B47212F00C075FF</key>
		<dict>
			<key>buildSettings</key>
			<dict>
				<key>BUNDLE_LOADER</key>
				<string>$(TEST_HOST)</string>
				<key>FRAMEWORK_SEARCH_PATHS</key>
				<string></string>
				<key>GCC_PREPROCESSOR_DEFINITIONS</key>
				<array>
					<string>DEBUG=1</string>
					<string>$(inherited)</string>
				</array>
				<key>INFOPLIST_FILE</key>
				<string>Music PlayerTests/Info.plist</string>
				<key>LD_RUNPATH_SEARCH_PATHS</key>
				<string>$(inherited) @executable_path/Frameworks @loader_path/Frameworks</string>
				<key>PRODUCT_BUNDLE_IDENTIFIER</key>
				<string>com.$(PRODUCT_NAME:rfc1034identifier)</string>
				<key>PRODUCT_NAME</key>
				<string>$(TARGET_NAME)</string>
				<key>TEST_HOST</key>
				<string>$(BUILT_PRODUCTS_DIR)/Music Player.app/Music Player</string>
			</dict>
			<key>isa</key>
			<string>XCBuildConfiguration</string>
			<key>name</key>
			<string>Debug</string>
		</dict>
		<key>22433FFC1B47212F00C075FF</key>
		<dict>
			<key>buildSettings</key>
			<dict>
				<key>BUNDLE_LOADER</key>
				<string>$(TEST_HOST)</string>
				<key>FRAMEWORK_SEARCH_PATHS</key>
				<string></string>
				<key>INFOPLIST_FILE</key>
				<string>Music PlayerTests/Info.plist</string>
				<key>LD_RUNPATH_SEARCH_PATHS</key>
				<string>$(inherited) @executable_path/Frameworks @loader_path/Frameworks</string>
				<key>PRODUCT_BUNDLE_IDENTIFIER</key>
				<string>com.$(PRODUCT_NAME:rfc1034identifier)</string>
				<key>PRODUCT_NAME</key>
				<string>$(TARGET_NAME)</string>
				<key>TEST_HOST</key>
				<string>$(BUILT_PRODUCTS_DIR)/Music Player.app/Music Player</string>
			</dict>
			<key>isa</key>
			<string>XCBuildConfiguration</string>
			<key>name</key>
			<string>Release</string>
		</dict>
		<key>224340031B47260500C075FF</key>
		<dict>
			<key>fileEncoding</key>
			<string>4</string>
			<key>isa</key>
			<string>PBXFileReference</string>
			<key>lastKnownFileType</key>
			<string>sourcecode.swift</string>
			<key>path</key>
			<string>DownloadCell.swift</string>
			<key>sourceTree</key>
			<string>&lt;group&gt;</string>
		</dict>
		<key>224340041B47260500C075FF</key>
		<dict>
			<key>fileRef</key>
			<string>224340031B47260500C075FF</string>
			<key>isa</key>
			<string>PBXBuildFile</string>
		</dict>
		<key>224340051B47266F00C075FF</key>
		<dict>
			<key>fileEncoding</key>
			<string>4</string>
			<key>isa</key>
			<string>PBXFileReference</string>
			<key>lastKnownFileType</key>
			<string>sourcecode.swift</string>
			<key>path</key>
			<string>DownloadTableViewController.swift</string>
			<key>sourceTree</key>
			<string>&lt;group&gt;</string>
		</dict>
		<key>224340061B47266F00C075FF</key>
		<dict>
			<key>fileRef</key>
			<string>224340051B47266F00C075FF</string>
			<key>isa</key>
			<string>PBXBuildFile</string>
		</dict>
		<key>224340071B472FB800C075FF</key>
		<dict>
			<key>fileEncoding</key>
			<string>4</string>
			<key>isa</key>
			<string>PBXFileReference</string>
			<key>lastKnownFileType</key>
			<string>sourcecode.swift</string>
			<key>path</key>
			<string>DataDownloader.swift</string>
			<key>sourceTree</key>
			<string>&lt;group&gt;</string>
		</dict>
		<key>224340081B472FB800C075FF</key>
		<dict>
			<key>fileRef</key>
			<string>224340071B472FB800C075FF</string>
			<key>isa</key>
			<string>PBXBuildFile</string>
		</dict>
		<key>224340091B473C8B00C075FF</key>
		<dict>
			<key>isa</key>
			<string>PBXFileReference</string>
			<key>lastKnownFileType</key>
			<string>sourcecode.c.h</string>
			<key>path</key>
			<string>bridgingHeader.h</string>
			<key>sourceTree</key>
			<string>&lt;group&gt;</string>
		</dict>
		<key>2256FC321B70B47500FFEB93</key>
		<dict>
			<key>isa</key>
			<string>PBXFileReference</string>
			<key>lastKnownFileType</key>
			<string>wrapper.framework</string>
			<key>name</key>
			<string>SystemConfiguration.framework</string>
			<key>path</key>
			<string>System/Library/Frameworks/SystemConfiguration.framework</string>
			<key>sourceTree</key>
			<string>SDKROOT</string>
		</dict>
		<key>225F06111B613BB6005D0DEA</key>
		<dict>
			<key>fileEncoding</key>
			<string>4</string>
			<key>isa</key>
			<string>PBXFileReference</string>
			<key>lastKnownFileType</key>
			<string>sourcecode.swift</string>
			<key>path</key>
			<string>Player.swift</string>
			<key>sourceTree</key>
			<string>&lt;group&gt;</string>
		</dict>
		<key>225F06121B613BB6005D0DEA</key>
		<dict>
			<key>fileRef</key>
			<string>225F06111B613BB6005D0DEA</string>
			<key>isa</key>
			<string>PBXBuildFile</string>
		</dict>
		<key>2291DEDF1B6F2CD500DEF0E8</key>
		<dict>
			<key>fileEncoding</key>
			<string>4</string>
			<key>isa</key>
			<string>PBXFileReference</string>
			<key>lastKnownFileType</key>
			<string>sourcecode.swift</string>
			<key>path</key>
			<string>SongCell.swift</string>
			<key>sourceTree</key>
			<string>&lt;group&gt;</string>
		</dict>
		<key>2291DEE01B6F2CD500DEF0E8</key>
		<dict>
			<key>fileRef</key>
			<string>2291DEDF1B6F2CD500DEF0E8</string>
			<key>isa</key>
			<string>PBXBuildFile</string>
		</dict>
		<key>22AD6B311B47BB7D00428602</key>
		<dict>
			<key>fileEncoding</key>
			<string>4</string>
			<key>isa</key>
			<string>PBXFileReference</string>
			<key>lastKnownFileType</key>
			<string>sourcecode.swift</string>
			<key>path</key>
			<string>Settings.swift</string>
			<key>sourceTree</key>
			<string>&lt;group&gt;</string>
		</dict>
		<key>22AD6B321B47BB7D00428602</key>
		<dict>
			<key>fileRef</key>
			<string>22AD6B311B47BB7D00428602</string>
			<key>isa</key>
			<string>PBXBuildFile</string>
		</dict>
		<key>22CB59E31B4EE65B001BD2AA</key>
		<dict>
			<key>fileEncoding</key>
			<string>4</string>
			<key>isa</key>
			<string>PBXFileReference</string>
			<key>lastKnownFileType</key>
			<string>sourcecode.swift</string>
			<key>path</key>
			<string>Playlist.swift</string>
			<key>sourceTree</key>
			<string>&lt;group&gt;</string>
		</dict>
		<key>22CB59E41B4EE65B001BD2AA</key>
		<dict>
			<key>fileRef</key>
			<string>22CB59E31B4EE65B001BD2AA</string>
			<key>isa</key>
			<string>PBXBuildFile</string>
		</dict>
		<key>43023294B39B809D25A34FED</key>
		<dict>
			<key>children</key>
			<array>
				<string>D2B048CC1C2BA74200E45E96</string>
				<string>D2263AA21C14F06900F07C90</string>
				<string>D2263AA01C14F06100F07C90</string>
				<string>D2263A9E1C14F05600F07C90</string>
				<string>2256FC321B70B47500FFEB93</string>
				<string>CC4DEA411428B95B5F3B017C</string>
				<string>FC8BAB6034C041C4CC4E94A5</string>
			</array>
			<key>isa</key>
			<string>PBXGroup</string>
			<key>name</key>
			<string>Frameworks</string>
			<key>sourceTree</key>
			<string>&lt;group&gt;</string>
		</dict>
		<key>64DECA8865949D8B1C22EF2B</key>
		<dict>
			<key>includeInIndex</key>
			<string>1</string>
			<key>isa</key>
			<string>PBXFileReference</string>
			<key>lastKnownFileType</key>
			<string>text.xcconfig</string>
			<key>name</key>
			<string>Pods-Music Player.release.xcconfig</string>
			<key>path</key>
			<string>Pods/Target Support Files/Pods-Music Player/Pods-Music Player.release.xcconfig</string>
			<key>sourceTree</key>
			<string>&lt;group&gt;</string>
		</dict>
		<key>756FD36EC50896AC78A023EB</key>
		<dict>
			<key>includeInIndex</key>
			<string>1</string>
			<key>isa</key>
			<string>PBXFileReference</string>
			<key>lastKnownFileType</key>
			<string>text.xcconfig</string>
			<key>name</key>
			<string>Pods-Music Player.debug.xcconfig</string>
			<key>path</key>
			<string>Pods/Target Support Files/Pods-Music Player/Pods-Music Player.debug.xcconfig</string>
			<key>sourceTree</key>
			<string>&lt;group&gt;</string>
		</dict>
		<key>80D1F340AE74996ED86E7AA6</key>
		<dict>
			<key>buildActionMask</key>
			<string>2147483647</string>
			<key>files</key>
			<array/>
			<key>inputPaths</key>
			<array/>
			<key>isa</key>
			<string>PBXShellScriptBuildPhase</string>
			<key>name</key>
			<string>Copy Pods Resources</string>
			<key>outputPaths</key>
			<array/>
			<key>runOnlyForDeploymentPostprocessing</key>
			<string>0</string>
			<key>shellPath</key>
			<string>/bin/sh</string>
			<key>shellScript</key>
			<string>"${SRCROOT}/Pods/Target Support Files/Pods-Music Player/Pods-Music Player-resources.sh"
</string>
			<key>showEnvVarsInLog</key>
			<string>0</string>
		</dict>
		<key>B093A2A11C3424D000AC86C0</key>
		<dict>
			<key>fileEncoding</key>
			<string>4</string>
			<key>isa</key>
			<string>PBXFileReference</string>
			<key>lastKnownFileType</key>
			<string>sourcecode.swift</string>
			<key>path</key>
			<string>SearchWebViewController.swift</string>
			<key>sourceTree</key>
			<string>&lt;group&gt;</string>
		</dict>
		<key>B093A2A21C3424D000AC86C0</key>
		<dict>
			<key>fileRef</key>
			<string>B093A2A11C3424D000AC86C0</string>
			<key>isa</key>
			<string>PBXBuildFile</string>
		</dict>
		<key>B093A2A31C3427CE00AC86C0</key>
		<dict>
			<key>fileEncoding</key>
			<string>4</string>
			<key>isa</key>
			<string>PBXFileReference</string>
			<key>lastKnownFileType</key>
			<string>sourcecode.swift</string>
			<key>path</key>
			<string>YouTubeSearchWebView.swift</string>
			<key>sourceTree</key>
			<string>&lt;group&gt;</string>
		</dict>
		<key>B093A2A41C3427CE00AC86C0</key>
		<dict>
			<key>fileRef</key>
			<string>B093A2A31C3427CE00AC86C0</string>
			<key>isa</key>
			<string>PBXBuildFile</string>
		</dict>
		<key>B093A2A51C34429D00AC86C0</key>
		<dict>
			<key>fileEncoding</key>
			<string>4</string>
			<key>isa</key>
			<string>PBXFileReference</string>
			<key>lastKnownFileType</key>
			<string>sourcecode.swift</string>
			<key>path</key>
			<string>DownloadManager.swift</string>
			<key>sourceTree</key>
			<string>&lt;group&gt;</string>
		</dict>
		<key>B093A2A61C34429D00AC86C0</key>
		<dict>
			<key>fileRef</key>
			<string>B093A2A51C34429D00AC86C0</string>
			<key>isa</key>
			<string>PBXBuildFile</string>
		</dict>
		<key>B0DA10EB1C3804AC009BE745</key>
		<dict>
			<key>fileEncoding</key>
			<string>4</string>
			<key>isa</key>
			<string>PBXFileReference</string>
			<key>lastKnownFileType</key>
			<string>sourcecode.swift</string>
			<key>path</key>
			<string>PlaylistsTableViewController.swift</string>
			<key>sourceTree</key>
			<string>&lt;group&gt;</string>
		</dict>
		<key>B0DA10EC1C3804AC009BE745</key>
		<dict>
			<key>fileRef</key>
			<string>B0DA10EB1C3804AC009BE745</string>
			<key>isa</key>
			<string>PBXBuildFile</string>
		</dict>
		<key>B0DA10ED1C380821009BE745</key>
		<dict>
			<key>children</key>
			<array>
				<string>B0DA10EF1C380826009BE745</string>
			</array>
			<key>isa</key>
			<string>PBXGroup</string>
			<key>path</key>
			<string>helper</string>
			<key>sourceTree</key>
			<string>&lt;group&gt;</string>
		</dict>
		<key>B0DA10EF1C380826009BE745</key>
		<dict>
			<key>children</key>
			<array>
				<string>B0DA10F01C380833009BE745</string>
				<string>D244D1C51C79858300A7E5B5</string>
			</array>
			<key>isa</key>
			<string>PBXGroup</string>
			<key>path</key>
			<string>extensions</string>
			<key>sourceTree</key>
			<string>&lt;group&gt;</string>
		</dict>
		<key>B0DA10F01C380833009BE745</key>
		<dict>
			<key>fileEncoding</key>
			<string>4</string>
			<key>isa</key>
			<string>PBXFileReference</string>
			<key>lastKnownFileType</key>
			<string>sourcecode.swift</string>
			<key>path</key>
			<string>UIViewController+Alert.swift</string>
			<key>sourceTree</key>
			<string>&lt;group&gt;</string>
		</dict>
		<key>B0DA10F11C380833009BE745</key>
		<dict>
			<key>fileRef</key>
			<string>B0DA10F01C380833009BE745</string>
			<key>isa</key>
			<string>PBXBuildFile</string>
		</dict>
		<key>CC4DEA411428B95B5F3B017C</key>
		<dict>
			<key>explicitFileType</key>
			<string>wrapper.framework</string>
			<key>includeInIndex</key>
			<string>0</string>
			<key>isa</key>
			<string>PBXFileReference</string>
			<key>path</key>
			<string>Pods.framework</string>
			<key>sourceTree</key>
			<string>BUILT_PRODUCTS_DIR</string>
		</dict>
		<key>CD4EDE8EF4D50C21148A32A6</key>
		<dict>
			<key>buildActionMask</key>
			<string>2147483647</string>
			<key>files</key>
			<array/>
			<key>inputPaths</key>
			<array/>
			<key>isa</key>
			<string>PBXShellScriptBuildPhase</string>
			<key>name</key>
			<string>Embed Pods Frameworks</string>
			<key>outputPaths</key>
			<array/>
			<key>runOnlyForDeploymentPostprocessing</key>
			<string>0</string>
			<key>shellPath</key>
			<string>/bin/sh</string>
			<key>shellScript</key>
			<string>"${SRCROOT}/Pods/Target Support Files/Pods-Music Player/Pods-Music Player-frameworks.sh"
</string>
			<key>showEnvVarsInLog</key>
			<string>0</string>
		</dict>
		<key>D2253AA61C39EFE00057767C</key>
		<dict>
			<key>fileEncoding</key>
			<string>4</string>
			<key>isa</key>
			<string>PBXFileReference</string>
			<key>lastKnownFileType</key>
			<string>sourcecode.swift</string>
			<key>path</key>
			<string>PlaylistViewController.swift</string>
			<key>sourceTree</key>
			<string>&lt;group&gt;</string>
		</dict>
		<key>D2253AA71C39EFE00057767C</key>
		<dict>
			<key>fileRef</key>
			<string>D2253AA61C39EFE00057767C</string>
			<key>isa</key>
			<string>PBXBuildFile</string>
		</dict>
		<key>D2253AA81C3A36970057767C</key>
		<dict>
			<key>fileEncoding</key>
			<string>4</string>
			<key>isa</key>
			<string>PBXFileReference</string>
			<key>lastKnownFileType</key>
			<string>sourcecode.swift</string>
			<key>path</key>
			<string>TabBarController.swift</string>
			<key>sourceTree</key>
			<string>&lt;group&gt;</string>
		</dict>
		<key>D2253AA91C3A36970057767C</key>
		<dict>
			<key>fileRef</key>
			<string>D2253AA81C3A36970057767C</string>
			<key>isa</key>
			<string>PBXBuildFile</string>
		</dict>
		<key>D2263A9E1C14F05600F07C90</key>
		<dict>
			<key>isa</key>
			<string>PBXFileReference</string>
			<key>lastKnownFileType</key>
			<string>wrapper.framework</string>
			<key>name</key>
			<string>Foundation.framework</string>
			<key>path</key>
			<string>System/Library/Frameworks/Foundation.framework</string>
			<key>sourceTree</key>
			<string>SDKROOT</string>
		</dict>
		<key>D2263AA01C14F06100F07C90</key>
		<dict>
			<key>isa</key>
			<string>PBXFileReference</string>
			<key>lastKnownFileType</key>
			<string>wrapper.framework</string>
			<key>name</key>
			<string>JavaScriptCore.framework</string>
			<key>path</key>
			<string>System/Library/Frameworks/JavaScriptCore.framework</string>
			<key>sourceTree</key>
			<string>SDKROOT</string>
		</dict>
		<key>D2263AA21C14F06900F07C90</key>
		<dict>
			<key>isa</key>
			<string>PBXFileReference</string>
			<key>lastKnownFileType</key>
			<string>wrapper.framework</string>
			<key>name</key>
			<string>MediaPlayer.framework</string>
			<key>path</key>
			<string>System/Library/Frameworks/MediaPlayer.framework</string>
			<key>sourceTree</key>
			<string>SDKROOT</string>
		</dict>
		<key>D2392EDE1C3757E5004AD31C</key>
		<dict>
			<key>fileEncoding</key>
			<string>4</string>
			<key>isa</key>
			<string>PBXFileReference</string>
			<key>lastKnownFileType</key>
			<string>sourcecode.swift</string>
			<key>path</key>
			<string>MenuAction.swift</string>
			<key>sourceTree</key>
			<string>&lt;group&gt;</string>
		</dict>
		<key>D2392EDF1C3757E5004AD31C</key>
		<dict>
			<key>fileRef</key>
			<string>D2392EDE1C3757E5004AD31C</string>
			<key>isa</key>
			<string>PBXBuildFile</string>
		</dict>
		<key>D244D1C51C79858300A7E5B5</key>
		<dict>
			<key>fileEncoding</key>
			<string>4</string>
			<key>isa</key>
			<string>PBXFileReference</string>
			<key>lastKnownFileType</key>
			<string>sourcecode.swift</string>
			<key>path</key>
			<string>AVAssetAudio.swift</string>
			<key>sourceTree</key>
			<string>&lt;group&gt;</string>
		</dict>
		<key>D244D1C61C79858300A7E5B5</key>
		<dict>
			<key>fileRef</key>
			<string>D244D1C51C79858300A7E5B5</string>
			<key>isa</key>
			<string>PBXBuildFile</string>
		</dict>
		<key>D29E20291CA4E23E0079A261</key>
		<dict>
			<key>fileEncoding</key>
			<string>4</string>
			<key>isa</key>
			<string>PBXFileReference</string>
			<key>lastKnownFileType</key>
			<string>sourcecode.swift</string>
			<key>path</key>
			<string>DownloadDataStructures.swift</string>
			<key>sourceTree</key>
			<string>&lt;group&gt;</string>
		</dict>
		<key>D29E202A1CA4E23E0079A261</key>
		<dict>
			<key>fileRef</key>
			<string>D29E20291CA4E23E0079A261</string>
			<key>isa</key>
			<string>PBXBuildFile</string>
		</dict>
		<key>D2A1F8D91CA0C4CC00F4ED53</key>
		<dict>
			<key>fileEncoding</key>
			<string>4</string>
			<key>isa</key>
			<string>PBXFileReference</string>
			<key>lastKnownFileType</key>
			<string>sourcecode.swift</string>
			<key>path</key>
			<string>PlaylistProtocols.swift</string>
			<key>sourceTree</key>
			<string>&lt;group&gt;</string>
		</dict>
		<key>D2A1F8DA1CA0C4CC00F4ED53</key>
		<dict>
			<key>fileRef</key>
			<string>D2A1F8D91CA0C4CC00F4ED53</string>
			<key>isa</key>
			<string>PBXBuildFile</string>
		</dict>
		<key>D2A1F8DB1CA0C58500F4ED53</key>
		<dict>
			<key>fileEncoding</key>
			<string>4</string>
			<key>isa</key>
			<string>PBXFileReference</string>
			<key>lastKnownFileType</key>
			<string>sourcecode.swift</string>
			<key>path</key>
			<string>DownloadProtocols.swift</string>
			<key>sourceTree</key>
			<string>&lt;group&gt;</string>
		</dict>
		<key>D2A1F8DC1CA0C58500F4ED53</key>
		<dict>
			<key>fileRef</key>
			<string>D2A1F8DB1CA0C58500F4ED53</string>
			<key>isa</key>
			<string>PBXBuildFile</string>
		</dict>
		<key>D2A23C6C1C784A6E00A9F644</key>
		<dict>
			<key>fileEncoding</key>
			<string>4</string>
			<key>isa</key>
			<string>PBXFileReference</string>
			<key>lastKnownFileType</key>
			<string>sourcecode.swift</string>
			<key>path</key>
			<string>SongManager.swift</string>
			<key>sourceTree</key>
			<string>&lt;group&gt;</string>
		</dict>
		<key>D2A23C6D1C784A6E00A9F644</key>
		<dict>
			<key>fileRef</key>
			<string>D2A23C6C1C784A6E00A9F644</string>
			<key>isa</key>
			<string>PBXBuildFile</string>
		</dict>
		<key>D2A97C291C3F00770075BF59</key>
		<dict>
			<key>children</key>
			<array>
				<string>D2A97C2C1C3F00AC0075BF59</string>
				<string>D2A97C2B1C3F009B0075BF59</string>
			</array>
			<key>isa</key>
			<string>PBXGroup</string>
			<key>name</key>
			<string>Playlists Tab</string>
			<key>sourceTree</key>
			<string>&lt;group&gt;</string>
		</dict>
		<key>D2A97C2B1C3F009B0075BF59</key>
		<dict>
			<key>children</key>
			<array>
				<string>D2A1F8D91CA0C4CC00F4ED53</string>
				<string>B0DA10EB1C3804AC009BE745</string>
				<string>D2253AA61C39EFE00057767C</string>
				<string>22CB59E31B4EE65B001BD2AA</string>
				<string>225F06111B613BB6005D0DEA</string>
				<string>D2A23C6C1C784A6E00A9F644</string>
				<string>2291DEDF1B6F2CD500DEF0E8</string>
			</array>
			<key>isa</key>
			<string>PBXGroup</string>
			<key>name</key>
			<string>Playlist</string>
			<key>sourceTree</key>
			<string>&lt;group&gt;</string>
		</dict>
		<key>D2A97C2C1C3F00AC0075BF59</key>
		<dict>
			<key>children</key>
			<array>
				<string>B093A2A11C3424D000AC86C0</string>
				<string>B093A2A31C3427CE00AC86C0</string>
			</array>
			<key>isa</key>
			<string>PBXGroup</string>
			<key>name</key>
			<string>Youtube Webview</string>
			<key>sourceTree</key>
			<string>&lt;group&gt;</string>
		</dict>
		<key>D2A97C2E1C3F011B0075BF59</key>
		<dict>
			<key>children</key>
			<array>
				<string>D2A97C321C3F016D0075BF59</string>
				<string>D2A97C301C3F01360075BF59</string>
			</array>
			<key>isa</key>
			<string>PBXGroup</string>
			<key>name</key>
			<string>Downloads Tab</string>
			<key>sourceTree</key>
			<string>&lt;group&gt;</string>
		</dict>
		<key>D2A97C301C3F01360075BF59</key>
		<dict>
			<key>children</key>
			<array>
				<string>D29E20291CA4E23E0079A261</string>
				<string>D2A1F8DB1CA0C58500F4ED53</string>
				<string>224340071B472FB800C075FF</string>
				<string>224340031B47260500C075FF</string>
				<string>224340051B47266F00C075FF</string>
				<string>B093A2A51C34429D00AC86C0</string>
			</array>
			<key>isa</key>
			<string>PBXGroup</string>
			<key>name</key>
			<string>Download</string>
			<key>sourceTree</key>
			<string>&lt;group&gt;</string>
		</dict>
		<key>D2A97C311C3F015C0075BF59</key>
		<dict>
			<key>children</key>
			<array>
				<string>22433FDA1B47212F00C075FF</string>
				<string>D2392EDE1C3757E5004AD31C</string>
				<string>222ABEFA1BA6715C003B05A1</string>
				<string>D2253AA81C3A36970057767C</string>
			</array>
			<key>isa</key>
			<string>PBXGroup</string>
			<key>name</key>
			<string>Main/Misc</string>
			<key>sourceTree</key>
			<string>&lt;group&gt;</string>
		</dict>
		<key>D2A97C321C3F016D0075BF59</key>
		<dict>
			<key>children</key>
			<array>
				<string>22AD6B311B47BB7D00428602</string>
			</array>
			<key>isa</key>
			<string>PBXGroup</string>
			<key>name</key>
			<string>Settings</string>
			<key>sourceTree</key>
			<string>&lt;group&gt;</string>
		</dict>
		<key>D2B048CC1C2BA74200E45E96</key>
		<dict>
			<key>isa</key>
			<string>PBXFileReference</string>
			<key>lastKnownFileType</key>
			<string>wrapper.framework</string>
			<key>name</key>
			<string>JavaScriptCore.framework</string>
			<key>path</key>
			<string>System/Library/PrivateFrameworks/JavaScriptCore.framework</string>
			<key>sourceTree</key>
			<string>SDKROOT</string>
		</dict>
		<key>D2B048EA1C2BAA8300E45E96</key>
		<dict>
			<key>fileRef</key>
			<string>D2263A9E1C14F05600F07C90</string>
			<key>isa</key>
			<string>PBXBuildFile</string>
		</dict>
		<key>D2B048EB1C2BAA8300E45E96</key>
		<dict>
			<key>fileRef</key>
			<string>D2263AA01C14F06100F07C90</string>
			<key>isa</key>
			<string>PBXBuildFile</string>
		</dict>
		<key>D2B048EC1C2BAA8400E45E96</key>
		<dict>
			<key>fileRef</key>
			<string>D2B048CC1C2BA74200E45E96</string>
			<key>isa</key>
			<string>PBXBuildFile</string>
		</dict>
		<key>D2B048ED1C2BAA8400E45E96</key>
		<dict>
			<key>fileRef</key>
			<string>D2263AA21C14F06900F07C90</string>
			<key>isa</key>
			<string>PBXBuildFile</string>
		</dict>
		<key>D2B048F21C2BAA9C00E45E96</key>
		<dict>
			<key>fileRef</key>
			<string>D2263A9E1C14F05600F07C90</string>
			<key>isa</key>
			<string>PBXBuildFile</string>
		</dict>
		<key>D2B048F31C2BAA9C00E45E96</key>
		<dict>
			<key>fileRef</key>
			<string>D2263AA01C14F06100F07C90</string>
			<key>isa</key>
			<string>PBXBuildFile</string>
		</dict>
		<key>D2B048F41C2BAA9C00E45E96</key>
		<dict>
			<key>fileRef</key>
			<string>D2B048CC1C2BA74200E45E96</string>
			<key>isa</key>
			<string>PBXBuildFile</string>
		</dict>
		<key>D2B048F51C2BAA9C00E45E96</key>
		<dict>
			<key>fileRef</key>
			<string>D2263AA21C14F06900F07C90</string>
			<key>isa</key>
			<string>PBXBuildFile</string>
		</dict>
		<key>D2B7DA591C349BDB0018106A</key>
		<dict>
			<key>isa</key>
			<string>PBXFileReference</string>
			<key>lastKnownFileType</key>
			<string>folder</string>
			<key>name</key>
			<string>Screenshots</string>
			<key>path</key>
			<string>Images/Screenshots</string>
			<key>sourceTree</key>
			<string>&lt;group&gt;</string>
		</dict>
		<key>D2B7DA5A1C349BDB0018106A</key>
		<dict>
			<key>fileRef</key>
			<string>D2B7DA591C349BDB0018106A</string>
			<key>isa</key>
			<string>PBXBuildFile</string>
		</dict>
		<key>EB67419F31499F07445ED635</key>
		<dict>
			<key>fileRef</key>
			<string>FC8BAB6034C041C4CC4E94A5</string>
			<key>isa</key>
			<string>PBXBuildFile</string>
		</dict>
		<key>ED83CA9AF57A2AD96BFFD49B</key>
		<dict>
			<key>buildActionMask</key>
			<string>2147483647</string>
			<key>files</key>
			<array/>
			<key>inputPaths</key>
			<array/>
			<key>isa</key>
			<string>PBXShellScriptBuildPhase</string>
			<key>name</key>
			<string>Check Pods Manifest.lock</string>
			<key>outputPaths</key>
			<array/>
			<key>runOnlyForDeploymentPostprocessing</key>
			<string>0</string>
			<key>shellPath</key>
			<string>/bin/sh</string>
			<key>shellScript</key>
			<string>diff "${PODS_ROOT}/../Podfile.lock" "${PODS_ROOT}/Manifest.lock" &gt; /dev/null
if [[ $? != 0 ]] ; then
    cat &lt;&lt; EOM
error: The sandbox is not in sync with the Podfile.lock. Run 'pod install' or update your CocoaPods installation.
EOM
    exit 1
fi
</string>
			<key>showEnvVarsInLog</key>
			<string>0</string>
		</dict>
		<key>EFC267E450DB689C9374BF3D</key>
		<dict>
			<key>fileRef</key>
			<string>CC4DEA411428B95B5F3B017C</string>
			<key>isa</key>
			<string>PBXBuildFile</string>
		</dict>
		<key>F21E113ABCDB957DFAD2D41E</key>
		<dict>
			<key>includeInIndex</key>
			<string>1</string>
			<key>isa</key>
			<string>PBXFileReference</string>
			<key>lastKnownFileType</key>
			<string>text.xcconfig</string>
			<key>name</key>
			<string>Pods.release.xcconfig</string>
			<key>path</key>
			<string>Pods/Target Support Files/Pods/Pods.release.xcconfig</string>
			<key>sourceTree</key>
			<string>&lt;group&gt;</string>
		</dict>
		<key>F5EB519E79CB1AE21C1131B5</key>
		<dict>
			<key>includeInIndex</key>
			<string>1</string>
			<key>isa</key>
			<string>PBXFileReference</string>
			<key>lastKnownFileType</key>
			<string>text.xcconfig</string>
			<key>name</key>
			<string>Pods.debug.xcconfig</string>
			<key>path</key>
			<string>Pods/Target Support Files/Pods/Pods.debug.xcconfig</string>
			<key>sourceTree</key>
			<string>&lt;group&gt;</string>
		</dict>
		<key>FC8BAB6034C041C4CC4E94A5</key>
		<dict>
			<key>explicitFileType</key>
			<string>wrapper.framework</string>
			<key>includeInIndex</key>
			<string>0</string>
			<key>isa</key>
			<string>PBXFileReference</string>
			<key>path</key>
			<string>Pods_Music_Player.framework</string>
			<key>sourceTree</key>
			<string>BUILT_PRODUCTS_DIR</string>
		</dict>
	</dict>
	<key>rootObject</key>
	<string>22433FCD1B47212F00C075FF</string>
</dict>
</plist>
